
Microsoft Visual Studio Solution File, Format Version 12.00
# Visual Studio 2013
VisualStudioVersion = 12.0.21005.1
MinimumVisualStudioVersion = 10.0.40219.1
Project("{FAE04EC0-301F-11D3-BF4B-00C04F79EFBC}") = "ExperimentDataModel", "ExperimentDataModel\ExperimentDataModel.csproj", "{F37C1293-015E-47EF-81FE-694857E4A303}"
EndProject
Project("{FAE04EC0-301F-11D3-BF4B-00C04F79EFBC}") = "Helper", "Helper\Helper.csproj", "{5216BA05-F05D-447A-965F-B1357DCB4990}"
EndProject
Project("{FAE04EC0-301F-11D3-BF4B-00C04F79EFBC}") = "Core", "Core\Core.csproj", "{C6FE10AE-EF5A-4094-8A07-DC221947C448}"
EndProject
Project("{FAE04EC0-301F-11D3-BF4B-00C04F79EFBC}") = "test", "test\test.csproj", "{11DFFA80-C9E6-4684-B9D4-592C4D7A0A44}"
EndProject
Project("{FAE04EC0-301F-11D3-BF4B-00C04F79EFBC}") = "LogSystem", "LogSystem\LogSystem.csproj", "{A19331DC-A402-46E7-B634-32A15AD4B926}"
EndProject
Project("{2150E333-8FDC-42A3-9474-1A3956D46DE8}") = "InstrumentFolder", "InstrumentFolder", "{4B5E9D3B-D204-4890-9E20-D4BD8760382E}"
EndProject
Project("{FAE04EC0-301F-11D3-BF4B-00C04F79EFBC}") = "InstrumentHandler", "InstrumentAbstraction\InstrumentHandler.csproj", "{3C57F76B-BE47-4DE4-8466-3FD0B124D134}"
EndProject
Project("{FAE04EC0-301F-11D3-BF4B-00C04F79EFBC}") = "Keithley24xx", "Keithley24xx\Keithley24xx.csproj", "{79334CCE-6C21-489F-8762-AE357FEC3991}"
EndProject
Project("{2150E333-8FDC-42A3-9474-1A3956D46DE8}") = "FourierTransformFolder", "FourierTransformFolder", "{0371646B-F3A2-4CEF-B1BE-4F150304995A}"
	ProjectSection(SolutionItems) = preProject
		ReadMe.txt = ReadMe.txt
	EndProjectSection
EndProject
Project("{2150E333-8FDC-42A3-9474-1A3956D46DE8}") = "DataModel", "DataModel", "{A81EBF13-571D-440B-943E-C240F26786A4}"
	ProjectSection(SolutionItems) = preProject
		ToDO.txt = ToDO.txt
	EndProjectSection
EndProject
Project("{FAE04EC0-301F-11D3-BF4B-00C04F79EFBC}") = "ExperimentalDataModelTest", "ExperimentalDataModelTest\ExperimentalDataModelTest.csproj", "{A7DDFEC9-618B-4ABE-9B1F-5376DB0A282D}"
EndProject
Project("{2150E333-8FDC-42A3-9474-1A3956D46DE8}") = "Experiments", "Experiments", "{ADD6B02E-DEFB-4FD8-AAF7-CC974AE57420}"
EndProject
Project("{FAE04EC0-301F-11D3-BF4B-00C04F79EFBC}") = "ExperimentAbstraction", "ExperimentAbstraction\ExperimentAbstraction.csproj", "{F9FF4A13-F344-4422-8908-99292FAE27EE}"
EndProject
Project("{FAE04EC0-301F-11D3-BF4B-00C04F79EFBC}") = "IVCharacterization", "IVCharacterization\IVCharacterization.csproj", "{FA8149F8-BF54-4A46-9D0A-9980CEAD705B}"
EndProject
Project("{FAE04EC0-301F-11D3-BF4B-00C04F79EFBC}") = "MeasurementStudio", "MeasurementStudio\MeasurementStudio.csproj", "{3381B9B8-6664-4DE5-B134-76A4287CD51A}"
EndProject
Project("{2150E333-8FDC-42A3-9474-1A3956D46DE8}") = "Pictures", "Pictures", "{9E095E9A-DCE8-4CD9-A8F3-573E356B7C0B}"
	ProjectSection(SolutionItems) = preProject
		Pictures\BackAndForth.xaml = Pictures\BackAndForth.xaml
		Pictures\Normal.xaml = Pictures\Normal.xaml
		Pictures\ZeroCrossing.xaml = Pictures\ZeroCrossing.xaml
		Pictures\ZeroCrossingBackAndForth.xaml = Pictures\ZeroCrossingBackAndForth.xaml
	EndProjectSection
EndProject
Project("{FAE04EC0-301F-11D3-BF4B-00C04F79EFBC}") = "HP34401A", "HP34401A\HP34401A.csproj", "{1539D235-D7EA-4D1D-8D5F-C08FA6A1C1EC}"
EndProject
Project("{FAE04EC0-301F-11D3-BF4B-00C04F79EFBC}") = "Keithley2602A", "Keithley2602A\Keithley2602A.csproj", "{6A447DC6-2D01-46A9-8D5D-C59E0653ECE5}"
EndProject
Project("{FAE04EC0-301F-11D3-BF4B-00C04F79EFBC}") = "KeithleyMultimeter", "KeithleyMultimeter\KeithleyMultimeter.csproj", "{80A8EF86-FD3F-4117-8ED6-E3F494BC6361}"
EndProject
Project("{FAE04EC0-301F-11D3-BF4B-00C04F79EFBC}") = "StanfordSR830", "StanfordSR830\StanfordSR830.csproj", "{ED4B9610-76A0-497E-8067-2AAC76A6C484}"
EndProject
Project("{2150E333-8FDC-42A3-9474-1A3956D46DE8}") = "AssistedMeasurement", "AssistedMeasurement", "{F7BA7592-1CAC-44B2-967A-E071FF438C75}"
EndProject
Project("{FAE04EC0-301F-11D3-BF4B-00C04F79EFBC}") = "AssistedMeasurement", "AssistedMeasurement\AssistedMeasurement.csproj", "{D8F19F9A-C7FC-4D63-A4EF-6EACF8DCA26A}"
EndProject
Project("{FAE04EC0-301F-11D3-BF4B-00C04F79EFBC}") = "AgilentU2442A", "AgilentU2442A\AgilentU2442A.csproj", "{63C41453-1D5A-4C9D-AE0A-D4A08FEEFCA3}"
EndProject
Project("{FAE04EC0-301F-11D3-BF4B-00C04F79EFBC}") = "NoiseMeasurementBox", "NoiseMeasurementBox\NoiseMeasurementBox.csproj", "{E7F149DC-8B98-4174-AFE9-D50C5F1E6A51}"
EndProject
Project("{FAE04EC0-301F-11D3-BF4B-00C04F79EFBC}") = "WpfPageTransitions", "WpfPageTransitions\WpfPageTransitions.csproj", "{22A46D61-1D40-43A9-802C-B9D43DADD9EC}"
EndProject
Project("{2150E333-8FDC-42A3-9474-1A3956D46DE8}") = "DataVisualization", "DataVisualization", "{D101424C-5817-488F-9310-5D4F8CD79D69}"
EndProject
Project("{FAE04EC0-301F-11D3-BF4B-00C04F79EFBC}") = "DataVisualization", "DataVisualization\DataVisualization.csproj", "{E058E277-4F95-4AC3-B2BF-AA8BCB2E3E84}"
EndProject
Project("{FAE04EC0-301F-11D3-BF4B-00C04F79EFBC}") = "InstrumentHandlerTest", "InstrumentHandlerTest\InstrumentHandlerTest.csproj", "{2388C727-EA72-489B-A089-758009EC45ED}"
EndProject
Project("{FAE04EC0-301F-11D3-BF4B-00C04F79EFBC}") = "Instruments", "Instrument\Instruments.csproj", "{0B56F789-4A97-4CF6-81E7-DA41A40A5761}"
EndProject
Project("{2150E333-8FDC-42A3-9474-1A3956D46DE8}") = "Solution Items", "Solution Items", "{1CB11DD8-E52F-4B07-8E63-82A72385AF4B}"
EndProject
Project("{2150E333-8FDC-42A3-9474-1A3956D46DE8}") = "ExperimentProjectTemplate", "ExperimentProjectTemplate", "{108774B9-1579-4398-9BCD-BD1D6EE827DF}"
EndProject
Project("{FAE04EC0-301F-11D3-BF4B-00C04F79EFBC}") = "ExperimentProjectTemplate", "ExperimentProjectTemplate\ExperimentProjectTemplate\ExperimentProjectTemplate.csproj", "{19402C0B-EE71-4C41-BE29-86DF4381989F}"
EndProject
Project("{FAE04EC0-301F-11D3-BF4B-00C04F79EFBC}") = "Hioki3432", "Hioki3432\Hioki3432.csproj", "{A98E7BFE-295C-40E8-A57B-7342A3EAD800}"
EndProject
Project("{FAE04EC0-301F-11D3-BF4B-00C04F79EFBC}") = "DynamicSignalAnalyzer", "DynamicSignalAnalyzer\DynamicSignalAnalyzer.csproj", "{8015E88A-AF77-4C44-B77D-B1639990642C}"
EndProject
Project("{FAE04EC0-301F-11D3-BF4B-00C04F79EFBC}") = "HP35670A", "HP35670A\HP35670A.csproj", "{E69F0B2E-21F0-470C-9A35-3AF80E990FAE}"
EndProject
Project("{FAE04EC0-301F-11D3-BF4B-00C04F79EFBC}") = "TestTabControl", "TestTabControl\TestTabControl.csproj", "{B8A519A3-6043-455C-A2E3-178A83053376}"
EndProject
Project("{FAE04EC0-301F-11D3-BF4B-00C04F79EFBC}") = "LegacyNoiseSetupVoltageControl", "LegacyNoiseSetupVoltageControl\LegacyNoiseSetupVoltageControl.csproj", "{991FE8BA-4611-43CE-B669-63E5D6B63B03}"
EndProject
Project("{FAE04EC0-301F-11D3-BF4B-00C04F79EFBC}") = "REGLO_Digital", "REGLO_Digital\REGLO_Digital.csproj", "{91DA0DAD-278D-4068-9973-45543BE3596B}"
EndProject
Project("{FAE04EC0-301F-11D3-BF4B-00C04F79EFBC}") = "AgilentU2542Atest", "AgilentU2542Atest\AgilentU2542Atest.csproj", "{305373DE-CC1A-444D-8172-DCD283929DDF}"
EndProject
Project("{FAE04EC0-301F-11D3-BF4B-00C04F79EFBC}") = "MeasurementStudioWebApi", "MeasurementStudioWebApi\MeasurementStudioWebApi.csproj", "{77CC51BD-2A0C-48D4-93D6-9882C69E9F26}"
EndProject
Project("{FAE04EC0-301F-11D3-BF4B-00C04F79EFBC}") = "AgilentU2542A_scpi", "AgilentU2542A_scpi\AgilentU2542A_scpi.csproj", "{F6074A5A-F27A-4E93-ABB8-7F80691E031F}"
EndProject
Project("{FAE04EC0-301F-11D3-BF4B-00C04F79EFBC}") = "ChannelSwitchHelper", "ChannelSwitchHelper\ChannelSwitchHelper.csproj", "{5E0567CA-D01A-417B-816F-54F9F46F84F6}"
EndProject
Project("{FAE04EC0-301F-11D3-BF4B-00C04F79EFBC}") = "ChannelSwitchTest", "ChannelSwitchTest\ChannelSwitchTest.csproj", "{474F85E5-207B-4766-B7AC-F61B1861CD4C}"
EndProject
Project("{FAE04EC0-301F-11D3-BF4B-00C04F79EFBC}") = "ScenarioBuilder", "ScenarioBuilder\ScenarioBuilder.csproj", "{1555D951-9BFF-4C69-B11E-A97942D358A6}"
EndProject
Project("{FAE04EC0-301F-11D3-BF4B-00C04F79EFBC}") = "IVexperiment", "IVexperiment\IVexperiment.csproj", "{04116E70-4D6F-4EB7-965B-097A0B43934A}"
EndProject
Project("{FAE04EC0-301F-11D3-BF4B-00C04F79EFBC}") = "ExperimentViewer", "ExperimentViewer\ExperimentViewer.csproj", "{837A4928-E2C5-4E9E-80A4-1A002C310F9A}"
EndProject
Project("{FAE04EC0-301F-11D3-BF4B-00C04F79EFBC}") = "ChannelSwitchExecutable", "ChannelSwitchExecutable\ChannelSwitchExecutable.csproj", "{AACC3712-0B48-4C2C-BB5A-8E60A940CF1F}"
EndProject
Project("{FAE04EC0-301F-11D3-BF4B-00C04F79EFBC}") = "ChannelSwitchLibrary", "ChannelSwitchLibrary\ChannelSwitchLibrary.csproj", "{30206ED1-530D-4EAE-9895-7D6E2F49C79F}"
EndProject
Project("{FAE04EC0-301F-11D3-BF4B-00C04F79EFBC}") = "CommandMessenger", "CommandMessenger\CommandMessenger.csproj", "{3CF8F8FC-6F5C-46F8-94DC-C2E4C505ECA4}"
EndProject
Project("{FAE04EC0-301F-11D3-BF4B-00C04F79EFBC}") = "CommandMessenger.Transport.Serial", "CommandMessenger.Transport.Serial\CommandMessenger.Transport.Serial.csproj", "{00D85F0B-00A5-41FA-8A99-428C0199C663}"
EndProject
Global
	GlobalSection(SolutionConfigurationPlatforms) = preSolution
		Debug|Any CPU = Debug|Any CPU
		Debug|Mixed Platforms = Debug|Mixed Platforms
		Debug|Win32 = Debug|Win32
		Debug|x64 = Debug|x64
		Debug|x86 = Debug|x86
		Release|Any CPU = Release|Any CPU
		Release|Mixed Platforms = Release|Mixed Platforms
		Release|Win32 = Release|Win32
		Release|x64 = Release|x64
		Release|x86 = Release|x86
	EndGlobalSection
	GlobalSection(ProjectConfigurationPlatforms) = postSolution
		{F37C1293-015E-47EF-81FE-694857E4A303}.Debug|Any CPU.ActiveCfg = Debug|Any CPU
		{F37C1293-015E-47EF-81FE-694857E4A303}.Debug|Any CPU.Build.0 = Debug|Any CPU
		{F37C1293-015E-47EF-81FE-694857E4A303}.Debug|Mixed Platforms.ActiveCfg = Debug|Any CPU
		{F37C1293-015E-47EF-81FE-694857E4A303}.Debug|Mixed Platforms.Build.0 = Debug|Any CPU
		{F37C1293-015E-47EF-81FE-694857E4A303}.Debug|Win32.ActiveCfg = Debug|Any CPU
		{F37C1293-015E-47EF-81FE-694857E4A303}.Debug|x64.ActiveCfg = Debug|Any CPU
		{F37C1293-015E-47EF-81FE-694857E4A303}.Debug|x86.ActiveCfg = Debug|Any CPU
		{F37C1293-015E-47EF-81FE-694857E4A303}.Release|Any CPU.ActiveCfg = Release|Any CPU
		{F37C1293-015E-47EF-81FE-694857E4A303}.Release|Any CPU.Build.0 = Release|Any CPU
		{F37C1293-015E-47EF-81FE-694857E4A303}.Release|Mixed Platforms.ActiveCfg = Release|Any CPU
		{F37C1293-015E-47EF-81FE-694857E4A303}.Release|Mixed Platforms.Build.0 = Release|Any CPU
		{F37C1293-015E-47EF-81FE-694857E4A303}.Release|Win32.ActiveCfg = Release|Any CPU
		{F37C1293-015E-47EF-81FE-694857E4A303}.Release|x64.ActiveCfg = Release|Any CPU
		{F37C1293-015E-47EF-81FE-694857E4A303}.Release|x86.ActiveCfg = Release|Any CPU
		{5216BA05-F05D-447A-965F-B1357DCB4990}.Debug|Any CPU.ActiveCfg = Debug|Any CPU
		{5216BA05-F05D-447A-965F-B1357DCB4990}.Debug|Any CPU.Build.0 = Debug|Any CPU
		{5216BA05-F05D-447A-965F-B1357DCB4990}.Debug|Mixed Platforms.ActiveCfg = Debug|Any CPU
		{5216BA05-F05D-447A-965F-B1357DCB4990}.Debug|Mixed Platforms.Build.0 = Debug|Any CPU
		{5216BA05-F05D-447A-965F-B1357DCB4990}.Debug|Win32.ActiveCfg = Debug|Any CPU
		{5216BA05-F05D-447A-965F-B1357DCB4990}.Debug|x64.ActiveCfg = Debug|Any CPU
		{5216BA05-F05D-447A-965F-B1357DCB4990}.Debug|x86.ActiveCfg = Debug|Any CPU
		{5216BA05-F05D-447A-965F-B1357DCB4990}.Release|Any CPU.ActiveCfg = Release|Any CPU
		{5216BA05-F05D-447A-965F-B1357DCB4990}.Release|Any CPU.Build.0 = Release|Any CPU
		{5216BA05-F05D-447A-965F-B1357DCB4990}.Release|Mixed Platforms.ActiveCfg = Release|Any CPU
		{5216BA05-F05D-447A-965F-B1357DCB4990}.Release|Mixed Platforms.Build.0 = Release|Any CPU
		{5216BA05-F05D-447A-965F-B1357DCB4990}.Release|Win32.ActiveCfg = Release|Any CPU
		{5216BA05-F05D-447A-965F-B1357DCB4990}.Release|x64.ActiveCfg = Release|Any CPU
		{5216BA05-F05D-447A-965F-B1357DCB4990}.Release|x86.ActiveCfg = Release|Any CPU
		{C6FE10AE-EF5A-4094-8A07-DC221947C448}.Debug|Any CPU.ActiveCfg = Debug|Any CPU
		{C6FE10AE-EF5A-4094-8A07-DC221947C448}.Debug|Any CPU.Build.0 = Debug|Any CPU
		{C6FE10AE-EF5A-4094-8A07-DC221947C448}.Debug|Mixed Platforms.ActiveCfg = Debug|Any CPU
		{C6FE10AE-EF5A-4094-8A07-DC221947C448}.Debug|Mixed Platforms.Build.0 = Debug|Any CPU
		{C6FE10AE-EF5A-4094-8A07-DC221947C448}.Debug|Win32.ActiveCfg = Debug|Any CPU
		{C6FE10AE-EF5A-4094-8A07-DC221947C448}.Debug|x64.ActiveCfg = Debug|Any CPU
		{C6FE10AE-EF5A-4094-8A07-DC221947C448}.Debug|x86.ActiveCfg = Debug|Any CPU
		{C6FE10AE-EF5A-4094-8A07-DC221947C448}.Release|Any CPU.ActiveCfg = Release|Any CPU
		{C6FE10AE-EF5A-4094-8A07-DC221947C448}.Release|Any CPU.Build.0 = Release|Any CPU
		{C6FE10AE-EF5A-4094-8A07-DC221947C448}.Release|Mixed Platforms.ActiveCfg = Release|Any CPU
		{C6FE10AE-EF5A-4094-8A07-DC221947C448}.Release|Mixed Platforms.Build.0 = Release|Any CPU
		{C6FE10AE-EF5A-4094-8A07-DC221947C448}.Release|Win32.ActiveCfg = Release|Any CPU
		{C6FE10AE-EF5A-4094-8A07-DC221947C448}.Release|x64.ActiveCfg = Release|Any CPU
		{C6FE10AE-EF5A-4094-8A07-DC221947C448}.Release|x86.ActiveCfg = Release|Any CPU
		{11DFFA80-C9E6-4684-B9D4-592C4D7A0A44}.Debug|Any CPU.ActiveCfg = Debug|Any CPU
		{11DFFA80-C9E6-4684-B9D4-592C4D7A0A44}.Debug|Any CPU.Build.0 = Debug|Any CPU
		{11DFFA80-C9E6-4684-B9D4-592C4D7A0A44}.Debug|Mixed Platforms.ActiveCfg = Debug|Any CPU
		{11DFFA80-C9E6-4684-B9D4-592C4D7A0A44}.Debug|Mixed Platforms.Build.0 = Debug|Any CPU
		{11DFFA80-C9E6-4684-B9D4-592C4D7A0A44}.Debug|Win32.ActiveCfg = Debug|Any CPU
		{11DFFA80-C9E6-4684-B9D4-592C4D7A0A44}.Debug|x64.ActiveCfg = Debug|Any CPU
		{11DFFA80-C9E6-4684-B9D4-592C4D7A0A44}.Debug|x86.ActiveCfg = Debug|Any CPU
		{11DFFA80-C9E6-4684-B9D4-592C4D7A0A44}.Release|Any CPU.ActiveCfg = Release|Any CPU
		{11DFFA80-C9E6-4684-B9D4-592C4D7A0A44}.Release|Any CPU.Build.0 = Release|Any CPU
		{11DFFA80-C9E6-4684-B9D4-592C4D7A0A44}.Release|Mixed Platforms.ActiveCfg = Release|Any CPU
		{11DFFA80-C9E6-4684-B9D4-592C4D7A0A44}.Release|Mixed Platforms.Build.0 = Release|Any CPU
		{11DFFA80-C9E6-4684-B9D4-592C4D7A0A44}.Release|Win32.ActiveCfg = Release|Any CPU
		{11DFFA80-C9E6-4684-B9D4-592C4D7A0A44}.Release|x64.ActiveCfg = Release|Any CPU
		{11DFFA80-C9E6-4684-B9D4-592C4D7A0A44}.Release|x86.ActiveCfg = Release|Any CPU
		{A19331DC-A402-46E7-B634-32A15AD4B926}.Debug|Any CPU.ActiveCfg = Debug|Any CPU
		{A19331DC-A402-46E7-B634-32A15AD4B926}.Debug|Any CPU.Build.0 = Debug|Any CPU
		{A19331DC-A402-46E7-B634-32A15AD4B926}.Debug|Mixed Platforms.ActiveCfg = Debug|Any CPU
		{A19331DC-A402-46E7-B634-32A15AD4B926}.Debug|Mixed Platforms.Build.0 = Debug|Any CPU
		{A19331DC-A402-46E7-B634-32A15AD4B926}.Debug|Win32.ActiveCfg = Debug|Any CPU
		{A19331DC-A402-46E7-B634-32A15AD4B926}.Debug|x64.ActiveCfg = Debug|Any CPU
		{A19331DC-A402-46E7-B634-32A15AD4B926}.Debug|x86.ActiveCfg = Debug|Any CPU
		{A19331DC-A402-46E7-B634-32A15AD4B926}.Release|Any CPU.ActiveCfg = Release|Any CPU
		{A19331DC-A402-46E7-B634-32A15AD4B926}.Release|Any CPU.Build.0 = Release|Any CPU
		{A19331DC-A402-46E7-B634-32A15AD4B926}.Release|Mixed Platforms.ActiveCfg = Release|Any CPU
		{A19331DC-A402-46E7-B634-32A15AD4B926}.Release|Mixed Platforms.Build.0 = Release|Any CPU
		{A19331DC-A402-46E7-B634-32A15AD4B926}.Release|Win32.ActiveCfg = Release|Any CPU
		{A19331DC-A402-46E7-B634-32A15AD4B926}.Release|x64.ActiveCfg = Release|Any CPU
		{A19331DC-A402-46E7-B634-32A15AD4B926}.Release|x86.ActiveCfg = Release|Any CPU
		{3C57F76B-BE47-4DE4-8466-3FD0B124D134}.Debug|Any CPU.ActiveCfg = Debug|Any CPU
		{3C57F76B-BE47-4DE4-8466-3FD0B124D134}.Debug|Any CPU.Build.0 = Debug|Any CPU
		{3C57F76B-BE47-4DE4-8466-3FD0B124D134}.Debug|Mixed Platforms.ActiveCfg = Debug|Any CPU
		{3C57F76B-BE47-4DE4-8466-3FD0B124D134}.Debug|Mixed Platforms.Build.0 = Debug|Any CPU
		{3C57F76B-BE47-4DE4-8466-3FD0B124D134}.Debug|Win32.ActiveCfg = Debug|Any CPU
		{3C57F76B-BE47-4DE4-8466-3FD0B124D134}.Debug|x64.ActiveCfg = Debug|Any CPU
		{3C57F76B-BE47-4DE4-8466-3FD0B124D134}.Debug|x86.ActiveCfg = Debug|Any CPU
		{3C57F76B-BE47-4DE4-8466-3FD0B124D134}.Release|Any CPU.ActiveCfg = Release|Any CPU
		{3C57F76B-BE47-4DE4-8466-3FD0B124D134}.Release|Any CPU.Build.0 = Release|Any CPU
		{3C57F76B-BE47-4DE4-8466-3FD0B124D134}.Release|Mixed Platforms.ActiveCfg = Release|Any CPU
		{3C57F76B-BE47-4DE4-8466-3FD0B124D134}.Release|Mixed Platforms.Build.0 = Release|Any CPU
		{3C57F76B-BE47-4DE4-8466-3FD0B124D134}.Release|Win32.ActiveCfg = Release|Any CPU
		{3C57F76B-BE47-4DE4-8466-3FD0B124D134}.Release|x64.ActiveCfg = Release|Any CPU
		{3C57F76B-BE47-4DE4-8466-3FD0B124D134}.Release|x86.ActiveCfg = Release|Any CPU
		{79334CCE-6C21-489F-8762-AE357FEC3991}.Debug|Any CPU.ActiveCfg = Debug|Any CPU
		{79334CCE-6C21-489F-8762-AE357FEC3991}.Debug|Any CPU.Build.0 = Debug|Any CPU
		{79334CCE-6C21-489F-8762-AE357FEC3991}.Debug|Mixed Platforms.ActiveCfg = Debug|Any CPU
		{79334CCE-6C21-489F-8762-AE357FEC3991}.Debug|Win32.ActiveCfg = Debug|Any CPU
		{79334CCE-6C21-489F-8762-AE357FEC3991}.Debug|x64.ActiveCfg = Debug|Any CPU
		{79334CCE-6C21-489F-8762-AE357FEC3991}.Debug|x86.ActiveCfg = Debug|Any CPU
		{79334CCE-6C21-489F-8762-AE357FEC3991}.Release|Any CPU.ActiveCfg = Release|Any CPU
		{79334CCE-6C21-489F-8762-AE357FEC3991}.Release|Any CPU.Build.0 = Release|Any CPU
		{79334CCE-6C21-489F-8762-AE357FEC3991}.Release|Mixed Platforms.ActiveCfg = Release|Any CPU
		{79334CCE-6C21-489F-8762-AE357FEC3991}.Release|Mixed Platforms.Build.0 = Release|Any CPU
		{79334CCE-6C21-489F-8762-AE357FEC3991}.Release|Win32.ActiveCfg = Release|Any CPU
		{79334CCE-6C21-489F-8762-AE357FEC3991}.Release|x64.ActiveCfg = Release|Any CPU
		{79334CCE-6C21-489F-8762-AE357FEC3991}.Release|x86.ActiveCfg = Release|Any CPU
		{A7DDFEC9-618B-4ABE-9B1F-5376DB0A282D}.Debug|Any CPU.ActiveCfg = Debug|Any CPU
		{A7DDFEC9-618B-4ABE-9B1F-5376DB0A282D}.Debug|Any CPU.Build.0 = Debug|Any CPU
		{A7DDFEC9-618B-4ABE-9B1F-5376DB0A282D}.Debug|Mixed Platforms.ActiveCfg = Debug|Any CPU
		{A7DDFEC9-618B-4ABE-9B1F-5376DB0A282D}.Debug|Mixed Platforms.Build.0 = Debug|Any CPU
		{A7DDFEC9-618B-4ABE-9B1F-5376DB0A282D}.Debug|Win32.ActiveCfg = Debug|Any CPU
		{A7DDFEC9-618B-4ABE-9B1F-5376DB0A282D}.Debug|x64.ActiveCfg = Debug|Any CPU
		{A7DDFEC9-618B-4ABE-9B1F-5376DB0A282D}.Debug|x86.ActiveCfg = Debug|Any CPU
		{A7DDFEC9-618B-4ABE-9B1F-5376DB0A282D}.Release|Any CPU.ActiveCfg = Release|Any CPU
		{A7DDFEC9-618B-4ABE-9B1F-5376DB0A282D}.Release|Any CPU.Build.0 = Release|Any CPU
		{A7DDFEC9-618B-4ABE-9B1F-5376DB0A282D}.Release|Mixed Platforms.ActiveCfg = Release|Any CPU
		{A7DDFEC9-618B-4ABE-9B1F-5376DB0A282D}.Release|Mixed Platforms.Build.0 = Release|Any CPU
		{A7DDFEC9-618B-4ABE-9B1F-5376DB0A282D}.Release|Win32.ActiveCfg = Release|Any CPU
		{A7DDFEC9-618B-4ABE-9B1F-5376DB0A282D}.Release|x64.ActiveCfg = Release|Any CPU
		{A7DDFEC9-618B-4ABE-9B1F-5376DB0A282D}.Release|x86.ActiveCfg = Release|Any CPU
		{F9FF4A13-F344-4422-8908-99292FAE27EE}.Debug|Any CPU.ActiveCfg = Debug|Any CPU
		{F9FF4A13-F344-4422-8908-99292FAE27EE}.Debug|Any CPU.Build.0 = Debug|Any CPU
		{F9FF4A13-F344-4422-8908-99292FAE27EE}.Debug|Mixed Platforms.ActiveCfg = Debug|Any CPU
		{F9FF4A13-F344-4422-8908-99292FAE27EE}.Debug|Mixed Platforms.Build.0 = Debug|Any CPU
		{F9FF4A13-F344-4422-8908-99292FAE27EE}.Debug|Win32.ActiveCfg = Debug|Any CPU
		{F9FF4A13-F344-4422-8908-99292FAE27EE}.Debug|x64.ActiveCfg = Debug|Any CPU
		{F9FF4A13-F344-4422-8908-99292FAE27EE}.Debug|x86.ActiveCfg = Debug|Any CPU
		{F9FF4A13-F344-4422-8908-99292FAE27EE}.Release|Any CPU.ActiveCfg = Release|Any CPU
		{F9FF4A13-F344-4422-8908-99292FAE27EE}.Release|Any CPU.Build.0 = Release|Any CPU
		{F9FF4A13-F344-4422-8908-99292FAE27EE}.Release|Mixed Platforms.ActiveCfg = Release|Any CPU
		{F9FF4A13-F344-4422-8908-99292FAE27EE}.Release|Mixed Platforms.Build.0 = Release|Any CPU
		{F9FF4A13-F344-4422-8908-99292FAE27EE}.Release|Win32.ActiveCfg = Release|Any CPU
		{F9FF4A13-F344-4422-8908-99292FAE27EE}.Release|x64.ActiveCfg = Release|Any CPU
		{F9FF4A13-F344-4422-8908-99292FAE27EE}.Release|x86.ActiveCfg = Release|Any CPU
		{FA8149F8-BF54-4A46-9D0A-9980CEAD705B}.Debug|Any CPU.ActiveCfg = Debug|Any CPU
		{FA8149F8-BF54-4A46-9D0A-9980CEAD705B}.Debug|Any CPU.Build.0 = Debug|Any CPU
		{FA8149F8-BF54-4A46-9D0A-9980CEAD705B}.Debug|Mixed Platforms.ActiveCfg = Debug|Any CPU
		{FA8149F8-BF54-4A46-9D0A-9980CEAD705B}.Debug|Mixed Platforms.Build.0 = Debug|Any CPU
		{FA8149F8-BF54-4A46-9D0A-9980CEAD705B}.Debug|Win32.ActiveCfg = Debug|Any CPU
		{FA8149F8-BF54-4A46-9D0A-9980CEAD705B}.Debug|x64.ActiveCfg = Debug|Any CPU
		{FA8149F8-BF54-4A46-9D0A-9980CEAD705B}.Debug|x86.ActiveCfg = Debug|Any CPU
		{FA8149F8-BF54-4A46-9D0A-9980CEAD705B}.Release|Any CPU.ActiveCfg = Release|Any CPU
		{FA8149F8-BF54-4A46-9D0A-9980CEAD705B}.Release|Any CPU.Build.0 = Release|Any CPU
		{FA8149F8-BF54-4A46-9D0A-9980CEAD705B}.Release|Mixed Platforms.ActiveCfg = Release|Any CPU
		{FA8149F8-BF54-4A46-9D0A-9980CEAD705B}.Release|Mixed Platforms.Build.0 = Release|Any CPU
		{FA8149F8-BF54-4A46-9D0A-9980CEAD705B}.Release|Win32.ActiveCfg = Release|Any CPU
		{FA8149F8-BF54-4A46-9D0A-9980CEAD705B}.Release|x64.ActiveCfg = Release|Any CPU
		{FA8149F8-BF54-4A46-9D0A-9980CEAD705B}.Release|x86.ActiveCfg = Release|Any CPU
		{3381B9B8-6664-4DE5-B134-76A4287CD51A}.Debug|Any CPU.ActiveCfg = Debug|Any CPU
		{3381B9B8-6664-4DE5-B134-76A4287CD51A}.Debug|Any CPU.Build.0 = Debug|Any CPU
		{3381B9B8-6664-4DE5-B134-76A4287CD51A}.Debug|Mixed Platforms.ActiveCfg = Debug|Any CPU
		{3381B9B8-6664-4DE5-B134-76A4287CD51A}.Debug|Mixed Platforms.Build.0 = Debug|Any CPU
		{3381B9B8-6664-4DE5-B134-76A4287CD51A}.Debug|Win32.ActiveCfg = Debug|Any CPU
		{3381B9B8-6664-4DE5-B134-76A4287CD51A}.Debug|x64.ActiveCfg = Debug|Any CPU
		{3381B9B8-6664-4DE5-B134-76A4287CD51A}.Debug|x86.ActiveCfg = Debug|Any CPU
		{3381B9B8-6664-4DE5-B134-76A4287CD51A}.Release|Any CPU.ActiveCfg = Release|Any CPU
		{3381B9B8-6664-4DE5-B134-76A4287CD51A}.Release|Any CPU.Build.0 = Release|Any CPU
		{3381B9B8-6664-4DE5-B134-76A4287CD51A}.Release|Mixed Platforms.ActiveCfg = Release|Any CPU
		{3381B9B8-6664-4DE5-B134-76A4287CD51A}.Release|Mixed Platforms.Build.0 = Release|Any CPU
		{3381B9B8-6664-4DE5-B134-76A4287CD51A}.Release|Win32.ActiveCfg = Release|Any CPU
		{3381B9B8-6664-4DE5-B134-76A4287CD51A}.Release|x64.ActiveCfg = Release|Any CPU
		{3381B9B8-6664-4DE5-B134-76A4287CD51A}.Release|x86.ActiveCfg = Release|Any CPU
		{1539D235-D7EA-4D1D-8D5F-C08FA6A1C1EC}.Debug|Any CPU.ActiveCfg = Debug|Any CPU
		{1539D235-D7EA-4D1D-8D5F-C08FA6A1C1EC}.Debug|Any CPU.Build.0 = Debug|Any CPU
		{1539D235-D7EA-4D1D-8D5F-C08FA6A1C1EC}.Debug|Mixed Platforms.ActiveCfg = Debug|Any CPU
		{1539D235-D7EA-4D1D-8D5F-C08FA6A1C1EC}.Debug|Win32.ActiveCfg = Debug|Any CPU
		{1539D235-D7EA-4D1D-8D5F-C08FA6A1C1EC}.Debug|x64.ActiveCfg = Debug|Any CPU
		{1539D235-D7EA-4D1D-8D5F-C08FA6A1C1EC}.Debug|x86.ActiveCfg = Debug|Any CPU
		{1539D235-D7EA-4D1D-8D5F-C08FA6A1C1EC}.Release|Any CPU.ActiveCfg = Release|Any CPU
		{1539D235-D7EA-4D1D-8D5F-C08FA6A1C1EC}.Release|Any CPU.Build.0 = Release|Any CPU
		{1539D235-D7EA-4D1D-8D5F-C08FA6A1C1EC}.Release|Mixed Platforms.ActiveCfg = Release|Any CPU
		{1539D235-D7EA-4D1D-8D5F-C08FA6A1C1EC}.Release|Mixed Platforms.Build.0 = Release|Any CPU
		{1539D235-D7EA-4D1D-8D5F-C08FA6A1C1EC}.Release|Win32.ActiveCfg = Release|Any CPU
		{1539D235-D7EA-4D1D-8D5F-C08FA6A1C1EC}.Release|x64.ActiveCfg = Release|Any CPU
		{1539D235-D7EA-4D1D-8D5F-C08FA6A1C1EC}.Release|x86.ActiveCfg = Release|Any CPU
		{6A447DC6-2D01-46A9-8D5D-C59E0653ECE5}.Debug|Any CPU.ActiveCfg = Debug|Any CPU
		{6A447DC6-2D01-46A9-8D5D-C59E0653ECE5}.Debug|Any CPU.Build.0 = Debug|Any CPU
		{6A447DC6-2D01-46A9-8D5D-C59E0653ECE5}.Debug|Mixed Platforms.ActiveCfg = Debug|Any CPU
		{6A447DC6-2D01-46A9-8D5D-C59E0653ECE5}.Debug|Win32.ActiveCfg = Debug|Any CPU
		{6A447DC6-2D01-46A9-8D5D-C59E0653ECE5}.Debug|x64.ActiveCfg = Debug|Any CPU
		{6A447DC6-2D01-46A9-8D5D-C59E0653ECE5}.Debug|x86.ActiveCfg = Debug|Any CPU
		{6A447DC6-2D01-46A9-8D5D-C59E0653ECE5}.Release|Any CPU.ActiveCfg = Release|Any CPU
		{6A447DC6-2D01-46A9-8D5D-C59E0653ECE5}.Release|Any CPU.Build.0 = Release|Any CPU
		{6A447DC6-2D01-46A9-8D5D-C59E0653ECE5}.Release|Mixed Platforms.ActiveCfg = Release|Any CPU
		{6A447DC6-2D01-46A9-8D5D-C59E0653ECE5}.Release|Mixed Platforms.Build.0 = Release|Any CPU
		{6A447DC6-2D01-46A9-8D5D-C59E0653ECE5}.Release|Win32.ActiveCfg = Release|Any CPU
		{6A447DC6-2D01-46A9-8D5D-C59E0653ECE5}.Release|x64.ActiveCfg = Release|Any CPU
		{6A447DC6-2D01-46A9-8D5D-C59E0653ECE5}.Release|x86.ActiveCfg = Release|Any CPU
		{80A8EF86-FD3F-4117-8ED6-E3F494BC6361}.Debug|Any CPU.ActiveCfg = Debug|Any CPU
		{80A8EF86-FD3F-4117-8ED6-E3F494BC6361}.Debug|Any CPU.Build.0 = Debug|Any CPU
		{80A8EF86-FD3F-4117-8ED6-E3F494BC6361}.Debug|Mixed Platforms.ActiveCfg = Debug|Any CPU
		{80A8EF86-FD3F-4117-8ED6-E3F494BC6361}.Debug|Win32.ActiveCfg = Debug|Any CPU
		{80A8EF86-FD3F-4117-8ED6-E3F494BC6361}.Debug|x64.ActiveCfg = Debug|Any CPU
		{80A8EF86-FD3F-4117-8ED6-E3F494BC6361}.Debug|x86.ActiveCfg = Debug|Any CPU
		{80A8EF86-FD3F-4117-8ED6-E3F494BC6361}.Release|Any CPU.ActiveCfg = Release|Any CPU
		{80A8EF86-FD3F-4117-8ED6-E3F494BC6361}.Release|Any CPU.Build.0 = Release|Any CPU
		{80A8EF86-FD3F-4117-8ED6-E3F494BC6361}.Release|Mixed Platforms.ActiveCfg = Release|Any CPU
		{80A8EF86-FD3F-4117-8ED6-E3F494BC6361}.Release|Mixed Platforms.Build.0 = Release|Any CPU
		{80A8EF86-FD3F-4117-8ED6-E3F494BC6361}.Release|Win32.ActiveCfg = Release|Any CPU
		{80A8EF86-FD3F-4117-8ED6-E3F494BC6361}.Release|x64.ActiveCfg = Release|Any CPU
		{80A8EF86-FD3F-4117-8ED6-E3F494BC6361}.Release|x86.ActiveCfg = Release|Any CPU
		{ED4B9610-76A0-497E-8067-2AAC76A6C484}.Debug|Any CPU.ActiveCfg = Debug|Any CPU
		{ED4B9610-76A0-497E-8067-2AAC76A6C484}.Debug|Any CPU.Build.0 = Debug|Any CPU
		{ED4B9610-76A0-497E-8067-2AAC76A6C484}.Debug|Mixed Platforms.ActiveCfg = Debug|Any CPU
		{ED4B9610-76A0-497E-8067-2AAC76A6C484}.Debug|Win32.ActiveCfg = Debug|Any CPU
		{ED4B9610-76A0-497E-8067-2AAC76A6C484}.Debug|x64.ActiveCfg = Debug|Any CPU
		{ED4B9610-76A0-497E-8067-2AAC76A6C484}.Debug|x86.ActiveCfg = Debug|Any CPU
		{ED4B9610-76A0-497E-8067-2AAC76A6C484}.Release|Any CPU.ActiveCfg = Release|Any CPU
		{ED4B9610-76A0-497E-8067-2AAC76A6C484}.Release|Any CPU.Build.0 = Release|Any CPU
		{ED4B9610-76A0-497E-8067-2AAC76A6C484}.Release|Mixed Platforms.ActiveCfg = Release|Any CPU
		{ED4B9610-76A0-497E-8067-2AAC76A6C484}.Release|Mixed Platforms.Build.0 = Release|Any CPU
		{ED4B9610-76A0-497E-8067-2AAC76A6C484}.Release|Win32.ActiveCfg = Release|Any CPU
		{ED4B9610-76A0-497E-8067-2AAC76A6C484}.Release|x64.ActiveCfg = Release|Any CPU
		{ED4B9610-76A0-497E-8067-2AAC76A6C484}.Release|x86.ActiveCfg = Release|Any CPU
		{D8F19F9A-C7FC-4D63-A4EF-6EACF8DCA26A}.Debug|Any CPU.ActiveCfg = Debug|Any CPU
		{D8F19F9A-C7FC-4D63-A4EF-6EACF8DCA26A}.Debug|Any CPU.Build.0 = Debug|Any CPU
		{D8F19F9A-C7FC-4D63-A4EF-6EACF8DCA26A}.Debug|Mixed Platforms.ActiveCfg = Debug|Any CPU
		{D8F19F9A-C7FC-4D63-A4EF-6EACF8DCA26A}.Debug|Mixed Platforms.Build.0 = Debug|Any CPU
		{D8F19F9A-C7FC-4D63-A4EF-6EACF8DCA26A}.Debug|Win32.ActiveCfg = Debug|Any CPU
		{D8F19F9A-C7FC-4D63-A4EF-6EACF8DCA26A}.Debug|x64.ActiveCfg = Debug|Any CPU
		{D8F19F9A-C7FC-4D63-A4EF-6EACF8DCA26A}.Debug|x86.ActiveCfg = Debug|Any CPU
		{D8F19F9A-C7FC-4D63-A4EF-6EACF8DCA26A}.Release|Any CPU.ActiveCfg = Release|Any CPU
		{D8F19F9A-C7FC-4D63-A4EF-6EACF8DCA26A}.Release|Any CPU.Build.0 = Release|Any CPU
		{D8F19F9A-C7FC-4D63-A4EF-6EACF8DCA26A}.Release|Mixed Platforms.ActiveCfg = Release|Any CPU
		{D8F19F9A-C7FC-4D63-A4EF-6EACF8DCA26A}.Release|Mixed Platforms.Build.0 = Release|Any CPU
		{D8F19F9A-C7FC-4D63-A4EF-6EACF8DCA26A}.Release|Win32.ActiveCfg = Release|Any CPU
		{D8F19F9A-C7FC-4D63-A4EF-6EACF8DCA26A}.Release|x64.ActiveCfg = Release|Any CPU
		{D8F19F9A-C7FC-4D63-A4EF-6EACF8DCA26A}.Release|x86.ActiveCfg = Release|Any CPU
		{63C41453-1D5A-4C9D-AE0A-D4A08FEEFCA3}.Debug|Any CPU.ActiveCfg = Debug|Any CPU
		{63C41453-1D5A-4C9D-AE0A-D4A08FEEFCA3}.Debug|Any CPU.Build.0 = Debug|Any CPU
		{63C41453-1D5A-4C9D-AE0A-D4A08FEEFCA3}.Debug|Mixed Platforms.ActiveCfg = Debug|Any CPU
		{63C41453-1D5A-4C9D-AE0A-D4A08FEEFCA3}.Debug|Mixed Platforms.Build.0 = Debug|Any CPU
		{63C41453-1D5A-4C9D-AE0A-D4A08FEEFCA3}.Debug|Win32.ActiveCfg = Debug|Any CPU
		{63C41453-1D5A-4C9D-AE0A-D4A08FEEFCA3}.Debug|x64.ActiveCfg = Debug|Any CPU
		{63C41453-1D5A-4C9D-AE0A-D4A08FEEFCA3}.Debug|x86.ActiveCfg = Debug|Any CPU
		{63C41453-1D5A-4C9D-AE0A-D4A08FEEFCA3}.Release|Any CPU.ActiveCfg = Release|Any CPU
		{63C41453-1D5A-4C9D-AE0A-D4A08FEEFCA3}.Release|Any CPU.Build.0 = Release|Any CPU
		{63C41453-1D5A-4C9D-AE0A-D4A08FEEFCA3}.Release|Mixed Platforms.ActiveCfg = Release|Any CPU
		{63C41453-1D5A-4C9D-AE0A-D4A08FEEFCA3}.Release|Mixed Platforms.Build.0 = Release|Any CPU
		{63C41453-1D5A-4C9D-AE0A-D4A08FEEFCA3}.Release|Win32.ActiveCfg = Release|Any CPU
		{63C41453-1D5A-4C9D-AE0A-D4A08FEEFCA3}.Release|x64.ActiveCfg = Release|Any CPU
		{63C41453-1D5A-4C9D-AE0A-D4A08FEEFCA3}.Release|x86.ActiveCfg = Release|Any CPU
		{E7F149DC-8B98-4174-AFE9-D50C5F1E6A51}.Debug|Any CPU.ActiveCfg = Debug|Any CPU
		{E7F149DC-8B98-4174-AFE9-D50C5F1E6A51}.Debug|Any CPU.Build.0 = Debug|Any CPU
		{E7F149DC-8B98-4174-AFE9-D50C5F1E6A51}.Debug|Mixed Platforms.ActiveCfg = Debug|Any CPU
		{E7F149DC-8B98-4174-AFE9-D50C5F1E6A51}.Debug|Win32.ActiveCfg = Debug|Any CPU
		{E7F149DC-8B98-4174-AFE9-D50C5F1E6A51}.Debug|x64.ActiveCfg = Debug|Any CPU
		{E7F149DC-8B98-4174-AFE9-D50C5F1E6A51}.Debug|x86.ActiveCfg = Debug|Any CPU
		{E7F149DC-8B98-4174-AFE9-D50C5F1E6A51}.Release|Any CPU.ActiveCfg = Release|Any CPU
		{E7F149DC-8B98-4174-AFE9-D50C5F1E6A51}.Release|Any CPU.Build.0 = Release|Any CPU
		{E7F149DC-8B98-4174-AFE9-D50C5F1E6A51}.Release|Mixed Platforms.ActiveCfg = Release|Any CPU
		{E7F149DC-8B98-4174-AFE9-D50C5F1E6A51}.Release|Mixed Platforms.Build.0 = Release|Any CPU
		{E7F149DC-8B98-4174-AFE9-D50C5F1E6A51}.Release|Win32.ActiveCfg = Release|Any CPU
		{E7F149DC-8B98-4174-AFE9-D50C5F1E6A51}.Release|x64.ActiveCfg = Release|Any CPU
		{E7F149DC-8B98-4174-AFE9-D50C5F1E6A51}.Release|x86.ActiveCfg = Release|Any CPU
		{22A46D61-1D40-43A9-802C-B9D43DADD9EC}.Debug|Any CPU.ActiveCfg = Debug|Any CPU
		{22A46D61-1D40-43A9-802C-B9D43DADD9EC}.Debug|Any CPU.Build.0 = Debug|Any CPU
		{22A46D61-1D40-43A9-802C-B9D43DADD9EC}.Debug|Mixed Platforms.ActiveCfg = Debug|Any CPU
		{22A46D61-1D40-43A9-802C-B9D43DADD9EC}.Debug|Mixed Platforms.Build.0 = Debug|Any CPU
		{22A46D61-1D40-43A9-802C-B9D43DADD9EC}.Debug|Win32.ActiveCfg = Debug|Any CPU
		{22A46D61-1D40-43A9-802C-B9D43DADD9EC}.Debug|x64.ActiveCfg = Debug|Any CPU
		{22A46D61-1D40-43A9-802C-B9D43DADD9EC}.Debug|x86.ActiveCfg = Debug|Any CPU
		{22A46D61-1D40-43A9-802C-B9D43DADD9EC}.Release|Any CPU.ActiveCfg = Release|Any CPU
		{22A46D61-1D40-43A9-802C-B9D43DADD9EC}.Release|Any CPU.Build.0 = Release|Any CPU
		{22A46D61-1D40-43A9-802C-B9D43DADD9EC}.Release|Mixed Platforms.ActiveCfg = Release|Any CPU
		{22A46D61-1D40-43A9-802C-B9D43DADD9EC}.Release|Mixed Platforms.Build.0 = Release|Any CPU
		{22A46D61-1D40-43A9-802C-B9D43DADD9EC}.Release|Win32.ActiveCfg = Release|Any CPU
		{22A46D61-1D40-43A9-802C-B9D43DADD9EC}.Release|x64.ActiveCfg = Release|Any CPU
		{22A46D61-1D40-43A9-802C-B9D43DADD9EC}.Release|x86.ActiveCfg = Release|Any CPU
		{E058E277-4F95-4AC3-B2BF-AA8BCB2E3E84}.Debug|Any CPU.ActiveCfg = Debug|Any CPU
		{E058E277-4F95-4AC3-B2BF-AA8BCB2E3E84}.Debug|Any CPU.Build.0 = Debug|Any CPU
		{E058E277-4F95-4AC3-B2BF-AA8BCB2E3E84}.Debug|Mixed Platforms.ActiveCfg = Debug|Any CPU
		{E058E277-4F95-4AC3-B2BF-AA8BCB2E3E84}.Debug|Mixed Platforms.Build.0 = Debug|Any CPU
		{E058E277-4F95-4AC3-B2BF-AA8BCB2E3E84}.Debug|Win32.ActiveCfg = Debug|Any CPU
		{E058E277-4F95-4AC3-B2BF-AA8BCB2E3E84}.Debug|x64.ActiveCfg = Debug|Any CPU
		{E058E277-4F95-4AC3-B2BF-AA8BCB2E3E84}.Debug|x86.ActiveCfg = Debug|Any CPU
		{E058E277-4F95-4AC3-B2BF-AA8BCB2E3E84}.Release|Any CPU.ActiveCfg = Release|Any CPU
		{E058E277-4F95-4AC3-B2BF-AA8BCB2E3E84}.Release|Any CPU.Build.0 = Release|Any CPU
		{E058E277-4F95-4AC3-B2BF-AA8BCB2E3E84}.Release|Mixed Platforms.ActiveCfg = Release|Any CPU
		{E058E277-4F95-4AC3-B2BF-AA8BCB2E3E84}.Release|Mixed Platforms.Build.0 = Release|Any CPU
		{E058E277-4F95-4AC3-B2BF-AA8BCB2E3E84}.Release|Win32.ActiveCfg = Release|Any CPU
		{E058E277-4F95-4AC3-B2BF-AA8BCB2E3E84}.Release|x64.ActiveCfg = Release|Any CPU
		{E058E277-4F95-4AC3-B2BF-AA8BCB2E3E84}.Release|x86.ActiveCfg = Release|Any CPU
		{2388C727-EA72-489B-A089-758009EC45ED}.Debug|Any CPU.ActiveCfg = Debug|Any CPU
		{2388C727-EA72-489B-A089-758009EC45ED}.Debug|Any CPU.Build.0 = Debug|Any CPU
		{2388C727-EA72-489B-A089-758009EC45ED}.Debug|Mixed Platforms.ActiveCfg = Debug|Any CPU
		{2388C727-EA72-489B-A089-758009EC45ED}.Debug|Mixed Platforms.Build.0 = Debug|Any CPU
		{2388C727-EA72-489B-A089-758009EC45ED}.Debug|Win32.ActiveCfg = Debug|Any CPU
		{2388C727-EA72-489B-A089-758009EC45ED}.Debug|x64.ActiveCfg = Debug|Any CPU
		{2388C727-EA72-489B-A089-758009EC45ED}.Debug|x86.ActiveCfg = Debug|Any CPU
		{2388C727-EA72-489B-A089-758009EC45ED}.Release|Any CPU.ActiveCfg = Release|Any CPU
		{2388C727-EA72-489B-A089-758009EC45ED}.Release|Any CPU.Build.0 = Release|Any CPU
		{2388C727-EA72-489B-A089-758009EC45ED}.Release|Mixed Platforms.ActiveCfg = Release|Any CPU
		{2388C727-EA72-489B-A089-758009EC45ED}.Release|Mixed Platforms.Build.0 = Release|Any CPU
		{2388C727-EA72-489B-A089-758009EC45ED}.Release|Win32.ActiveCfg = Release|Any CPU
		{2388C727-EA72-489B-A089-758009EC45ED}.Release|x64.ActiveCfg = Release|Any CPU
		{2388C727-EA72-489B-A089-758009EC45ED}.Release|x86.ActiveCfg = Release|Any CPU
		{0B56F789-4A97-4CF6-81E7-DA41A40A5761}.Debug|Any CPU.ActiveCfg = Debug|Any CPU
		{0B56F789-4A97-4CF6-81E7-DA41A40A5761}.Debug|Any CPU.Build.0 = Debug|Any CPU
		{0B56F789-4A97-4CF6-81E7-DA41A40A5761}.Debug|Mixed Platforms.ActiveCfg = Debug|Any CPU
		{0B56F789-4A97-4CF6-81E7-DA41A40A5761}.Debug|Mixed Platforms.Build.0 = Debug|Any CPU
		{0B56F789-4A97-4CF6-81E7-DA41A40A5761}.Debug|Win32.ActiveCfg = Debug|Any CPU
		{0B56F789-4A97-4CF6-81E7-DA41A40A5761}.Debug|x64.ActiveCfg = Debug|Any CPU
		{0B56F789-4A97-4CF6-81E7-DA41A40A5761}.Debug|x86.ActiveCfg = Debug|Any CPU
		{0B56F789-4A97-4CF6-81E7-DA41A40A5761}.Release|Any CPU.ActiveCfg = Release|Any CPU
		{0B56F789-4A97-4CF6-81E7-DA41A40A5761}.Release|Any CPU.Build.0 = Release|Any CPU
		{0B56F789-4A97-4CF6-81E7-DA41A40A5761}.Release|Mixed Platforms.ActiveCfg = Release|Any CPU
		{0B56F789-4A97-4CF6-81E7-DA41A40A5761}.Release|Mixed Platforms.Build.0 = Release|Any CPU
		{0B56F789-4A97-4CF6-81E7-DA41A40A5761}.Release|Win32.ActiveCfg = Release|Any CPU
		{0B56F789-4A97-4CF6-81E7-DA41A40A5761}.Release|x64.ActiveCfg = Release|Any CPU
		{0B56F789-4A97-4CF6-81E7-DA41A40A5761}.Release|x86.ActiveCfg = Release|Any CPU
		{19402C0B-EE71-4C41-BE29-86DF4381989F}.Debug|Any CPU.ActiveCfg = Debug|Any CPU
		{19402C0B-EE71-4C41-BE29-86DF4381989F}.Debug|Any CPU.Build.0 = Debug|Any CPU
		{19402C0B-EE71-4C41-BE29-86DF4381989F}.Debug|Mixed Platforms.ActiveCfg = Debug|Any CPU
		{19402C0B-EE71-4C41-BE29-86DF4381989F}.Debug|Win32.ActiveCfg = Debug|Any CPU
		{19402C0B-EE71-4C41-BE29-86DF4381989F}.Debug|x64.ActiveCfg = Debug|Any CPU
		{19402C0B-EE71-4C41-BE29-86DF4381989F}.Debug|x86.ActiveCfg = Debug|Any CPU
		{19402C0B-EE71-4C41-BE29-86DF4381989F}.Release|Any CPU.ActiveCfg = Release|Any CPU
		{19402C0B-EE71-4C41-BE29-86DF4381989F}.Release|Any CPU.Build.0 = Release|Any CPU
		{19402C0B-EE71-4C41-BE29-86DF4381989F}.Release|Mixed Platforms.ActiveCfg = Release|Any CPU
		{19402C0B-EE71-4C41-BE29-86DF4381989F}.Release|Mixed Platforms.Build.0 = Release|Any CPU
		{19402C0B-EE71-4C41-BE29-86DF4381989F}.Release|Win32.ActiveCfg = Release|Any CPU
		{19402C0B-EE71-4C41-BE29-86DF4381989F}.Release|x64.ActiveCfg = Release|Any CPU
		{19402C0B-EE71-4C41-BE29-86DF4381989F}.Release|x86.ActiveCfg = Release|Any CPU
		{A98E7BFE-295C-40E8-A57B-7342A3EAD800}.Debug|Any CPU.ActiveCfg = Debug|Any CPU
		{A98E7BFE-295C-40E8-A57B-7342A3EAD800}.Debug|Any CPU.Build.0 = Debug|Any CPU
		{A98E7BFE-295C-40E8-A57B-7342A3EAD800}.Debug|Mixed Platforms.ActiveCfg = Debug|Any CPU
		{A98E7BFE-295C-40E8-A57B-7342A3EAD800}.Debug|Win32.ActiveCfg = Debug|Any CPU
		{A98E7BFE-295C-40E8-A57B-7342A3EAD800}.Debug|x64.ActiveCfg = Debug|Any CPU
		{A98E7BFE-295C-40E8-A57B-7342A3EAD800}.Debug|x86.ActiveCfg = Debug|Any CPU
		{A98E7BFE-295C-40E8-A57B-7342A3EAD800}.Release|Any CPU.ActiveCfg = Release|Any CPU
		{A98E7BFE-295C-40E8-A57B-7342A3EAD800}.Release|Any CPU.Build.0 = Release|Any CPU
		{A98E7BFE-295C-40E8-A57B-7342A3EAD800}.Release|Mixed Platforms.ActiveCfg = Release|Any CPU
		{A98E7BFE-295C-40E8-A57B-7342A3EAD800}.Release|Mixed Platforms.Build.0 = Release|Any CPU
		{A98E7BFE-295C-40E8-A57B-7342A3EAD800}.Release|Win32.ActiveCfg = Release|Any CPU
		{A98E7BFE-295C-40E8-A57B-7342A3EAD800}.Release|x64.ActiveCfg = Release|Any CPU
		{A98E7BFE-295C-40E8-A57B-7342A3EAD800}.Release|x86.ActiveCfg = Release|Any CPU
		{8015E88A-AF77-4C44-B77D-B1639990642C}.Debug|Any CPU.ActiveCfg = Debug|Any CPU
		{8015E88A-AF77-4C44-B77D-B1639990642C}.Debug|Any CPU.Build.0 = Debug|Any CPU
		{8015E88A-AF77-4C44-B77D-B1639990642C}.Debug|Mixed Platforms.ActiveCfg = Debug|Any CPU
		{8015E88A-AF77-4C44-B77D-B1639990642C}.Debug|Mixed Platforms.Build.0 = Debug|Any CPU
		{8015E88A-AF77-4C44-B77D-B1639990642C}.Debug|Win32.ActiveCfg = Debug|Any CPU
		{8015E88A-AF77-4C44-B77D-B1639990642C}.Debug|x64.ActiveCfg = Debug|Any CPU
		{8015E88A-AF77-4C44-B77D-B1639990642C}.Debug|x86.ActiveCfg = Debug|Any CPU
		{8015E88A-AF77-4C44-B77D-B1639990642C}.Release|Any CPU.ActiveCfg = Release|Any CPU
		{8015E88A-AF77-4C44-B77D-B1639990642C}.Release|Any CPU.Build.0 = Release|Any CPU
		{8015E88A-AF77-4C44-B77D-B1639990642C}.Release|Mixed Platforms.ActiveCfg = Release|Any CPU
		{8015E88A-AF77-4C44-B77D-B1639990642C}.Release|Mixed Platforms.Build.0 = Release|Any CPU
		{8015E88A-AF77-4C44-B77D-B1639990642C}.Release|Win32.ActiveCfg = Release|Any CPU
		{8015E88A-AF77-4C44-B77D-B1639990642C}.Release|x64.ActiveCfg = Release|Any CPU
		{8015E88A-AF77-4C44-B77D-B1639990642C}.Release|x86.ActiveCfg = Release|Any CPU
		{E69F0B2E-21F0-470C-9A35-3AF80E990FAE}.Debug|Any CPU.ActiveCfg = Debug|Any CPU
		{E69F0B2E-21F0-470C-9A35-3AF80E990FAE}.Debug|Any CPU.Build.0 = Debug|Any CPU
		{E69F0B2E-21F0-470C-9A35-3AF80E990FAE}.Debug|Mixed Platforms.ActiveCfg = Debug|Any CPU
		{E69F0B2E-21F0-470C-9A35-3AF80E990FAE}.Debug|Win32.ActiveCfg = Debug|Any CPU
		{E69F0B2E-21F0-470C-9A35-3AF80E990FAE}.Debug|x64.ActiveCfg = Debug|Any CPU
		{E69F0B2E-21F0-470C-9A35-3AF80E990FAE}.Debug|x86.ActiveCfg = Debug|Any CPU
		{E69F0B2E-21F0-470C-9A35-3AF80E990FAE}.Release|Any CPU.ActiveCfg = Release|Any CPU
		{E69F0B2E-21F0-470C-9A35-3AF80E990FAE}.Release|Any CPU.Build.0 = Release|Any CPU
		{E69F0B2E-21F0-470C-9A35-3AF80E990FAE}.Release|Mixed Platforms.ActiveCfg = Release|Any CPU
		{E69F0B2E-21F0-470C-9A35-3AF80E990FAE}.Release|Mixed Platforms.Build.0 = Release|Any CPU
		{E69F0B2E-21F0-470C-9A35-3AF80E990FAE}.Release|Win32.ActiveCfg = Release|Any CPU
		{E69F0B2E-21F0-470C-9A35-3AF80E990FAE}.Release|x64.ActiveCfg = Release|Any CPU
		{E69F0B2E-21F0-470C-9A35-3AF80E990FAE}.Release|x86.ActiveCfg = Release|Any CPU
		{B8A519A3-6043-455C-A2E3-178A83053376}.Debug|Any CPU.ActiveCfg = Debug|Any CPU
		{B8A519A3-6043-455C-A2E3-178A83053376}.Debug|Any CPU.Build.0 = Debug|Any CPU
		{B8A519A3-6043-455C-A2E3-178A83053376}.Debug|Mixed Platforms.ActiveCfg = Debug|Any CPU
		{B8A519A3-6043-455C-A2E3-178A83053376}.Debug|Mixed Platforms.Build.0 = Debug|Any CPU
		{B8A519A3-6043-455C-A2E3-178A83053376}.Debug|Win32.ActiveCfg = Debug|Any CPU
		{B8A519A3-6043-455C-A2E3-178A83053376}.Debug|x64.ActiveCfg = Debug|Any CPU
		{B8A519A3-6043-455C-A2E3-178A83053376}.Debug|x86.ActiveCfg = Debug|Any CPU
		{B8A519A3-6043-455C-A2E3-178A83053376}.Release|Any CPU.ActiveCfg = Release|Any CPU
		{B8A519A3-6043-455C-A2E3-178A83053376}.Release|Any CPU.Build.0 = Release|Any CPU
		{B8A519A3-6043-455C-A2E3-178A83053376}.Release|Mixed Platforms.ActiveCfg = Release|Any CPU
		{B8A519A3-6043-455C-A2E3-178A83053376}.Release|Mixed Platforms.Build.0 = Release|Any CPU
		{B8A519A3-6043-455C-A2E3-178A83053376}.Release|Win32.ActiveCfg = Release|Any CPU
		{B8A519A3-6043-455C-A2E3-178A83053376}.Release|x64.ActiveCfg = Release|Any CPU
		{B8A519A3-6043-455C-A2E3-178A83053376}.Release|x86.ActiveCfg = Release|Any CPU
		{991FE8BA-4611-43CE-B669-63E5D6B63B03}.Debug|Any CPU.ActiveCfg = Debug|Any CPU
		{991FE8BA-4611-43CE-B669-63E5D6B63B03}.Debug|Any CPU.Build.0 = Debug|Any CPU
		{991FE8BA-4611-43CE-B669-63E5D6B63B03}.Debug|Mixed Platforms.ActiveCfg = Debug|Any CPU
		{991FE8BA-4611-43CE-B669-63E5D6B63B03}.Debug|Mixed Platforms.Build.0 = Debug|Any CPU
		{991FE8BA-4611-43CE-B669-63E5D6B63B03}.Debug|Win32.ActiveCfg = Debug|Any CPU
		{991FE8BA-4611-43CE-B669-63E5D6B63B03}.Debug|x64.ActiveCfg = Debug|Any CPU
		{991FE8BA-4611-43CE-B669-63E5D6B63B03}.Debug|x86.ActiveCfg = Debug|Any CPU
		{991FE8BA-4611-43CE-B669-63E5D6B63B03}.Release|Any CPU.ActiveCfg = Release|Any CPU
		{991FE8BA-4611-43CE-B669-63E5D6B63B03}.Release|Any CPU.Build.0 = Release|Any CPU
		{991FE8BA-4611-43CE-B669-63E5D6B63B03}.Release|Mixed Platforms.ActiveCfg = Release|Any CPU
		{991FE8BA-4611-43CE-B669-63E5D6B63B03}.Release|Mixed Platforms.Build.0 = Release|Any CPU
		{991FE8BA-4611-43CE-B669-63E5D6B63B03}.Release|Win32.ActiveCfg = Release|Any CPU
		{991FE8BA-4611-43CE-B669-63E5D6B63B03}.Release|x64.ActiveCfg = Release|Any CPU
		{991FE8BA-4611-43CE-B669-63E5D6B63B03}.Release|x86.ActiveCfg = Release|Any CPU
		{91DA0DAD-278D-4068-9973-45543BE3596B}.Debug|Any CPU.ActiveCfg = Debug|Any CPU
		{91DA0DAD-278D-4068-9973-45543BE3596B}.Debug|Any CPU.Build.0 = Debug|Any CPU
		{91DA0DAD-278D-4068-9973-45543BE3596B}.Debug|Mixed Platforms.ActiveCfg = Debug|Any CPU
		{91DA0DAD-278D-4068-9973-45543BE3596B}.Debug|Win32.ActiveCfg = Debug|Any CPU
		{91DA0DAD-278D-4068-9973-45543BE3596B}.Debug|x64.ActiveCfg = Debug|Any CPU
		{91DA0DAD-278D-4068-9973-45543BE3596B}.Debug|x86.ActiveCfg = Debug|Any CPU
		{91DA0DAD-278D-4068-9973-45543BE3596B}.Release|Any CPU.ActiveCfg = Release|Any CPU
		{91DA0DAD-278D-4068-9973-45543BE3596B}.Release|Any CPU.Build.0 = Release|Any CPU
		{91DA0DAD-278D-4068-9973-45543BE3596B}.Release|Mixed Platforms.ActiveCfg = Release|Any CPU
		{91DA0DAD-278D-4068-9973-45543BE3596B}.Release|Mixed Platforms.Build.0 = Release|Any CPU
		{91DA0DAD-278D-4068-9973-45543BE3596B}.Release|Win32.ActiveCfg = Release|Any CPU
		{91DA0DAD-278D-4068-9973-45543BE3596B}.Release|x64.ActiveCfg = Release|Any CPU
		{91DA0DAD-278D-4068-9973-45543BE3596B}.Release|x86.ActiveCfg = Release|Any CPU
		{305373DE-CC1A-444D-8172-DCD283929DDF}.Debug|Any CPU.ActiveCfg = Debug|Any CPU
		{305373DE-CC1A-444D-8172-DCD283929DDF}.Debug|Any CPU.Build.0 = Debug|Any CPU
		{305373DE-CC1A-444D-8172-DCD283929DDF}.Debug|Mixed Platforms.ActiveCfg = Debug|Any CPU
		{305373DE-CC1A-444D-8172-DCD283929DDF}.Debug|Mixed Platforms.Build.0 = Debug|Any CPU
		{305373DE-CC1A-444D-8172-DCD283929DDF}.Debug|Win32.ActiveCfg = Debug|Any CPU
		{305373DE-CC1A-444D-8172-DCD283929DDF}.Debug|x64.ActiveCfg = Debug|Any CPU
		{305373DE-CC1A-444D-8172-DCD283929DDF}.Debug|x86.ActiveCfg = Debug|Any CPU
		{305373DE-CC1A-444D-8172-DCD283929DDF}.Release|Any CPU.ActiveCfg = Release|Any CPU
		{305373DE-CC1A-444D-8172-DCD283929DDF}.Release|Any CPU.Build.0 = Release|Any CPU
		{305373DE-CC1A-444D-8172-DCD283929DDF}.Release|Mixed Platforms.ActiveCfg = Release|Any CPU
		{305373DE-CC1A-444D-8172-DCD283929DDF}.Release|Mixed Platforms.Build.0 = Release|Any CPU
		{305373DE-CC1A-444D-8172-DCD283929DDF}.Release|Win32.ActiveCfg = Release|Any CPU
		{305373DE-CC1A-444D-8172-DCD283929DDF}.Release|x64.ActiveCfg = Release|Any CPU
		{305373DE-CC1A-444D-8172-DCD283929DDF}.Release|x86.ActiveCfg = Release|Any CPU
		{77CC51BD-2A0C-48D4-93D6-9882C69E9F26}.Debug|Any CPU.ActiveCfg = Debug|Any CPU
		{77CC51BD-2A0C-48D4-93D6-9882C69E9F26}.Debug|Any CPU.Build.0 = Debug|Any CPU
		{77CC51BD-2A0C-48D4-93D6-9882C69E9F26}.Debug|Mixed Platforms.ActiveCfg = Debug|Any CPU
		{77CC51BD-2A0C-48D4-93D6-9882C69E9F26}.Debug|Mixed Platforms.Build.0 = Debug|Any CPU
		{77CC51BD-2A0C-48D4-93D6-9882C69E9F26}.Debug|Win32.ActiveCfg = Debug|Any CPU
		{77CC51BD-2A0C-48D4-93D6-9882C69E9F26}.Debug|x64.ActiveCfg = Debug|Any CPU
		{77CC51BD-2A0C-48D4-93D6-9882C69E9F26}.Debug|x86.ActiveCfg = Debug|Any CPU
		{77CC51BD-2A0C-48D4-93D6-9882C69E9F26}.Release|Any CPU.ActiveCfg = Release|Any CPU
		{77CC51BD-2A0C-48D4-93D6-9882C69E9F26}.Release|Any CPU.Build.0 = Release|Any CPU
		{77CC51BD-2A0C-48D4-93D6-9882C69E9F26}.Release|Mixed Platforms.ActiveCfg = Release|Any CPU
		{77CC51BD-2A0C-48D4-93D6-9882C69E9F26}.Release|Mixed Platforms.Build.0 = Release|Any CPU
		{77CC51BD-2A0C-48D4-93D6-9882C69E9F26}.Release|Win32.ActiveCfg = Release|Any CPU
		{77CC51BD-2A0C-48D4-93D6-9882C69E9F26}.Release|x64.ActiveCfg = Release|Any CPU
		{77CC51BD-2A0C-48D4-93D6-9882C69E9F26}.Release|x86.ActiveCfg = Release|Any CPU
		{F6074A5A-F27A-4E93-ABB8-7F80691E031F}.Debug|Any CPU.ActiveCfg = Debug|Any CPU
		{F6074A5A-F27A-4E93-ABB8-7F80691E031F}.Debug|Any CPU.Build.0 = Debug|Any CPU
		{F6074A5A-F27A-4E93-ABB8-7F80691E031F}.Debug|Mixed Platforms.ActiveCfg = Debug|Any CPU
		{F6074A5A-F27A-4E93-ABB8-7F80691E031F}.Debug|Mixed Platforms.Build.0 = Debug|Any CPU
		{F6074A5A-F27A-4E93-ABB8-7F80691E031F}.Debug|Win32.ActiveCfg = Debug|Any CPU
		{F6074A5A-F27A-4E93-ABB8-7F80691E031F}.Debug|x64.ActiveCfg = Debug|Any CPU
		{F6074A5A-F27A-4E93-ABB8-7F80691E031F}.Debug|x86.ActiveCfg = Debug|Any CPU
		{F6074A5A-F27A-4E93-ABB8-7F80691E031F}.Release|Any CPU.ActiveCfg = Release|Any CPU
		{F6074A5A-F27A-4E93-ABB8-7F80691E031F}.Release|Any CPU.Build.0 = Release|Any CPU
		{F6074A5A-F27A-4E93-ABB8-7F80691E031F}.Release|Mixed Platforms.ActiveCfg = Release|Any CPU
		{F6074A5A-F27A-4E93-ABB8-7F80691E031F}.Release|Mixed Platforms.Build.0 = Release|Any CPU
		{F6074A5A-F27A-4E93-ABB8-7F80691E031F}.Release|Win32.ActiveCfg = Release|Any CPU
		{F6074A5A-F27A-4E93-ABB8-7F80691E031F}.Release|x64.ActiveCfg = Release|Any CPU
		{F6074A5A-F27A-4E93-ABB8-7F80691E031F}.Release|x86.ActiveCfg = Release|Any CPU
		{5E0567CA-D01A-417B-816F-54F9F46F84F6}.Debug|Any CPU.ActiveCfg = Debug|Any CPU
		{5E0567CA-D01A-417B-816F-54F9F46F84F6}.Debug|Any CPU.Build.0 = Debug|Any CPU
		{5E0567CA-D01A-417B-816F-54F9F46F84F6}.Debug|Mixed Platforms.ActiveCfg = Debug|Any CPU
		{5E0567CA-D01A-417B-816F-54F9F46F84F6}.Debug|Mixed Platforms.Build.0 = Debug|Any CPU
		{5E0567CA-D01A-417B-816F-54F9F46F84F6}.Debug|Win32.ActiveCfg = Debug|Any CPU
		{5E0567CA-D01A-417B-816F-54F9F46F84F6}.Debug|x64.ActiveCfg = Debug|Any CPU
		{5E0567CA-D01A-417B-816F-54F9F46F84F6}.Debug|x86.ActiveCfg = Debug|Any CPU
		{5E0567CA-D01A-417B-816F-54F9F46F84F6}.Release|Any CPU.ActiveCfg = Release|Any CPU
		{5E0567CA-D01A-417B-816F-54F9F46F84F6}.Release|Any CPU.Build.0 = Release|Any CPU
		{5E0567CA-D01A-417B-816F-54F9F46F84F6}.Release|Mixed Platforms.ActiveCfg = Release|Any CPU
		{5E0567CA-D01A-417B-816F-54F9F46F84F6}.Release|Mixed Platforms.Build.0 = Release|Any CPU
		{5E0567CA-D01A-417B-816F-54F9F46F84F6}.Release|Win32.ActiveCfg = Release|Any CPU
		{5E0567CA-D01A-417B-816F-54F9F46F84F6}.Release|x64.ActiveCfg = Release|Any CPU
		{5E0567CA-D01A-417B-816F-54F9F46F84F6}.Release|x86.ActiveCfg = Release|Any CPU
		{474F85E5-207B-4766-B7AC-F61B1861CD4C}.Debug|Any CPU.ActiveCfg = Debug|Any CPU
		{474F85E5-207B-4766-B7AC-F61B1861CD4C}.Debug|Any CPU.Build.0 = Debug|Any CPU
		{474F85E5-207B-4766-B7AC-F61B1861CD4C}.Debug|Mixed Platforms.ActiveCfg = Debug|Any CPU
		{474F85E5-207B-4766-B7AC-F61B1861CD4C}.Debug|Mixed Platforms.Build.0 = Debug|Any CPU
		{474F85E5-207B-4766-B7AC-F61B1861CD4C}.Debug|Win32.ActiveCfg = Debug|Any CPU
		{474F85E5-207B-4766-B7AC-F61B1861CD4C}.Debug|x64.ActiveCfg = Debug|Any CPU
		{474F85E5-207B-4766-B7AC-F61B1861CD4C}.Debug|x86.ActiveCfg = Debug|Any CPU
		{474F85E5-207B-4766-B7AC-F61B1861CD4C}.Release|Any CPU.ActiveCfg = Release|Any CPU
		{474F85E5-207B-4766-B7AC-F61B1861CD4C}.Release|Any CPU.Build.0 = Release|Any CPU
		{474F85E5-207B-4766-B7AC-F61B1861CD4C}.Release|Mixed Platforms.ActiveCfg = Release|Any CPU
		{474F85E5-207B-4766-B7AC-F61B1861CD4C}.Release|Mixed Platforms.Build.0 = Release|Any CPU
		{474F85E5-207B-4766-B7AC-F61B1861CD4C}.Release|Win32.ActiveCfg = Release|Any CPU
		{474F85E5-207B-4766-B7AC-F61B1861CD4C}.Release|x64.ActiveCfg = Release|Any CPU
		{474F85E5-207B-4766-B7AC-F61B1861CD4C}.Release|x86.ActiveCfg = Release|Any CPU
		{1555D951-9BFF-4C69-B11E-A97942D358A6}.Debug|Any CPU.ActiveCfg = Debug|Any CPU
		{1555D951-9BFF-4C69-B11E-A97942D358A6}.Debug|Any CPU.Build.0 = Debug|Any CPU
		{1555D951-9BFF-4C69-B11E-A97942D358A6}.Debug|Mixed Platforms.ActiveCfg = Debug|Any CPU
		{1555D951-9BFF-4C69-B11E-A97942D358A6}.Debug|Mixed Platforms.Build.0 = Debug|Any CPU
		{1555D951-9BFF-4C69-B11E-A97942D358A6}.Debug|Win32.ActiveCfg = Debug|Any CPU
		{1555D951-9BFF-4C69-B11E-A97942D358A6}.Debug|x64.ActiveCfg = Debug|Any CPU
		{1555D951-9BFF-4C69-B11E-A97942D358A6}.Debug|x86.ActiveCfg = Debug|Any CPU
		{1555D951-9BFF-4C69-B11E-A97942D358A6}.Release|Any CPU.ActiveCfg = Release|Any CPU
		{1555D951-9BFF-4C69-B11E-A97942D358A6}.Release|Any CPU.Build.0 = Release|Any CPU
		{1555D951-9BFF-4C69-B11E-A97942D358A6}.Release|Mixed Platforms.ActiveCfg = Release|Any CPU
		{1555D951-9BFF-4C69-B11E-A97942D358A6}.Release|Mixed Platforms.Build.0 = Release|Any CPU
		{1555D951-9BFF-4C69-B11E-A97942D358A6}.Release|Win32.ActiveCfg = Release|Any CPU
		{1555D951-9BFF-4C69-B11E-A97942D358A6}.Release|x64.ActiveCfg = Release|Any CPU
		{1555D951-9BFF-4C69-B11E-A97942D358A6}.Release|x86.ActiveCfg = Release|Any CPU
		{04116E70-4D6F-4EB7-965B-097A0B43934A}.Debug|Any CPU.ActiveCfg = Debug|Any CPU
		{04116E70-4D6F-4EB7-965B-097A0B43934A}.Debug|Any CPU.Build.0 = Debug|Any CPU
		{04116E70-4D6F-4EB7-965B-097A0B43934A}.Debug|Mixed Platforms.ActiveCfg = Debug|Any CPU
		{04116E70-4D6F-4EB7-965B-097A0B43934A}.Debug|Mixed Platforms.Build.0 = Debug|Any CPU
		{04116E70-4D6F-4EB7-965B-097A0B43934A}.Debug|Win32.ActiveCfg = Debug|Any CPU
		{04116E70-4D6F-4EB7-965B-097A0B43934A}.Debug|x64.ActiveCfg = Debug|Any CPU
		{04116E70-4D6F-4EB7-965B-097A0B43934A}.Debug|x86.ActiveCfg = Debug|Any CPU
		{04116E70-4D6F-4EB7-965B-097A0B43934A}.Release|Any CPU.ActiveCfg = Release|Any CPU
		{04116E70-4D6F-4EB7-965B-097A0B43934A}.Release|Any CPU.Build.0 = Release|Any CPU
		{04116E70-4D6F-4EB7-965B-097A0B43934A}.Release|Mixed Platforms.ActiveCfg = Release|Any CPU
		{04116E70-4D6F-4EB7-965B-097A0B43934A}.Release|Mixed Platforms.Build.0 = Release|Any CPU
		{04116E70-4D6F-4EB7-965B-097A0B43934A}.Release|Win32.ActiveCfg = Release|Any CPU
		{04116E70-4D6F-4EB7-965B-097A0B43934A}.Release|x64.ActiveCfg = Release|Any CPU
		{04116E70-4D6F-4EB7-965B-097A0B43934A}.Release|x86.ActiveCfg = Release|Any CPU
		{837A4928-E2C5-4E9E-80A4-1A002C310F9A}.Debug|Any CPU.ActiveCfg = Debug|Any CPU
		{837A4928-E2C5-4E9E-80A4-1A002C310F9A}.Debug|Any CPU.Build.0 = Debug|Any CPU
		{837A4928-E2C5-4E9E-80A4-1A002C310F9A}.Debug|Mixed Platforms.ActiveCfg = Debug|Any CPU
		{837A4928-E2C5-4E9E-80A4-1A002C310F9A}.Debug|Mixed Platforms.Build.0 = Debug|Any CPU
		{837A4928-E2C5-4E9E-80A4-1A002C310F9A}.Debug|Win32.ActiveCfg = Debug|Any CPU
		{837A4928-E2C5-4E9E-80A4-1A002C310F9A}.Debug|x64.ActiveCfg = Debug|Any CPU
		{837A4928-E2C5-4E9E-80A4-1A002C310F9A}.Debug|x86.ActiveCfg = Debug|Any CPU
		{837A4928-E2C5-4E9E-80A4-1A002C310F9A}.Release|Any CPU.ActiveCfg = Release|Any CPU
		{837A4928-E2C5-4E9E-80A4-1A002C310F9A}.Release|Any CPU.Build.0 = Release|Any CPU
		{837A4928-E2C5-4E9E-80A4-1A002C310F9A}.Release|Mixed Platforms.ActiveCfg = Release|Any CPU
		{837A4928-E2C5-4E9E-80A4-1A002C310F9A}.Release|Mixed Platforms.Build.0 = Release|Any CPU
		{837A4928-E2C5-4E9E-80A4-1A002C310F9A}.Release|Win32.ActiveCfg = Release|Any CPU
		{837A4928-E2C5-4E9E-80A4-1A002C310F9A}.Release|x64.ActiveCfg = Release|Any CPU
		{837A4928-E2C5-4E9E-80A4-1A002C310F9A}.Release|x86.ActiveCfg = Release|Any CPU
		{AACC3712-0B48-4C2C-BB5A-8E60A940CF1F}.Debug|Any CPU.ActiveCfg = Debug|Any CPU
		{AACC3712-0B48-4C2C-BB5A-8E60A940CF1F}.Debug|Any CPU.Build.0 = Debug|Any CPU
		{AACC3712-0B48-4C2C-BB5A-8E60A940CF1F}.Debug|Mixed Platforms.ActiveCfg = Debug|Any CPU
		{AACC3712-0B48-4C2C-BB5A-8E60A940CF1F}.Debug|Mixed Platforms.Build.0 = Debug|Any CPU
		{AACC3712-0B48-4C2C-BB5A-8E60A940CF1F}.Debug|Win32.ActiveCfg = Debug|Any CPU
		{AACC3712-0B48-4C2C-BB5A-8E60A940CF1F}.Debug|x64.ActiveCfg = Debug|Any CPU
		{AACC3712-0B48-4C2C-BB5A-8E60A940CF1F}.Debug|x86.ActiveCfg = Debug|Any CPU
		{AACC3712-0B48-4C2C-BB5A-8E60A940CF1F}.Release|Any CPU.ActiveCfg = Release|Any CPU
		{AACC3712-0B48-4C2C-BB5A-8E60A940CF1F}.Release|Any CPU.Build.0 = Release|Any CPU
		{AACC3712-0B48-4C2C-BB5A-8E60A940CF1F}.Release|Mixed Platforms.ActiveCfg = Release|Any CPU
		{AACC3712-0B48-4C2C-BB5A-8E60A940CF1F}.Release|Mixed Platforms.Build.0 = Release|Any CPU
		{AACC3712-0B48-4C2C-BB5A-8E60A940CF1F}.Release|Win32.ActiveCfg = Release|Any CPU
		{AACC3712-0B48-4C2C-BB5A-8E60A940CF1F}.Release|x64.ActiveCfg = Release|Any CPU
		{AACC3712-0B48-4C2C-BB5A-8E60A940CF1F}.Release|x86.ActiveCfg = Release|Any CPU
		{30206ED1-530D-4EAE-9895-7D6E2F49C79F}.Debug|Any CPU.ActiveCfg = Debug|Any CPU
		{30206ED1-530D-4EAE-9895-7D6E2F49C79F}.Debug|Any CPU.Build.0 = Debug|Any CPU
		{30206ED1-530D-4EAE-9895-7D6E2F49C79F}.Debug|Mixed Platforms.ActiveCfg = Debug|Any CPU
		{30206ED1-530D-4EAE-9895-7D6E2F49C79F}.Debug|Mixed Platforms.Build.0 = Debug|Any CPU
		{30206ED1-530D-4EAE-9895-7D6E2F49C79F}.Debug|Win32.ActiveCfg = Debug|Any CPU
		{30206ED1-530D-4EAE-9895-7D6E2F49C79F}.Debug|x64.ActiveCfg = Debug|Any CPU
		{30206ED1-530D-4EAE-9895-7D6E2F49C79F}.Debug|x86.ActiveCfg = Debug|Any CPU
		{30206ED1-530D-4EAE-9895-7D6E2F49C79F}.Release|Any CPU.ActiveCfg = Release|Any CPU
		{30206ED1-530D-4EAE-9895-7D6E2F49C79F}.Release|Any CPU.Build.0 = Release|Any CPU
		{30206ED1-530D-4EAE-9895-7D6E2F49C79F}.Release|Mixed Platforms.ActiveCfg = Release|Any CPU
		{30206ED1-530D-4EAE-9895-7D6E2F49C79F}.Release|Mixed Platforms.Build.0 = Release|Any CPU
		{30206ED1-530D-4EAE-9895-7D6E2F49C79F}.Release|Win32.ActiveCfg = Release|Any CPU
		{30206ED1-530D-4EAE-9895-7D6E2F49C79F}.Release|x64.ActiveCfg = Release|Any CPU
		{30206ED1-530D-4EAE-9895-7D6E2F49C79F}.Release|x86.ActiveCfg = Release|Any CPU
		{3CF8F8FC-6F5C-46F8-94DC-C2E4C505ECA4}.Debug|Any CPU.ActiveCfg = Debug|Any CPU
		{3CF8F8FC-6F5C-46F8-94DC-C2E4C505ECA4}.Debug|Any CPU.Build.0 = Debug|Any CPU
		{3CF8F8FC-6F5C-46F8-94DC-C2E4C505ECA4}.Debug|Mixed Platforms.ActiveCfg = Debug|x86
		{3CF8F8FC-6F5C-46F8-94DC-C2E4C505ECA4}.Debug|Mixed Platforms.Build.0 = Debug|x86
		{3CF8F8FC-6F5C-46F8-94DC-C2E4C505ECA4}.Debug|Win32.ActiveCfg = Debug|x86
		{3CF8F8FC-6F5C-46F8-94DC-C2E4C505ECA4}.Debug|Win32.Build.0 = Debug|x86
		{3CF8F8FC-6F5C-46F8-94DC-C2E4C505ECA4}.Debug|x64.ActiveCfg = Debug|Any CPU
		{3CF8F8FC-6F5C-46F8-94DC-C2E4C505ECA4}.Debug|x86.ActiveCfg = Debug|x86
		{3CF8F8FC-6F5C-46F8-94DC-C2E4C505ECA4}.Debug|x86.Build.0 = Debug|x86
		{3CF8F8FC-6F5C-46F8-94DC-C2E4C505ECA4}.Release|Any CPU.ActiveCfg = Release|Any CPU
		{3CF8F8FC-6F5C-46F8-94DC-C2E4C505ECA4}.Release|Any CPU.Build.0 = Release|Any CPU
		{3CF8F8FC-6F5C-46F8-94DC-C2E4C505ECA4}.Release|Mixed Platforms.ActiveCfg = Release|x86
		{3CF8F8FC-6F5C-46F8-94DC-C2E4C505ECA4}.Release|Mixed Platforms.Build.0 = Release|x86
		{3CF8F8FC-6F5C-46F8-94DC-C2E4C505ECA4}.Release|Win32.ActiveCfg = Release|x86
		{3CF8F8FC-6F5C-46F8-94DC-C2E4C505ECA4}.Release|Win32.Build.0 = Release|x86
		{3CF8F8FC-6F5C-46F8-94DC-C2E4C505ECA4}.Release|x64.ActiveCfg = Release|Any CPU
		{3CF8F8FC-6F5C-46F8-94DC-C2E4C505ECA4}.Release|x86.ActiveCfg = Release|x86
		{3CF8F8FC-6F5C-46F8-94DC-C2E4C505ECA4}.Release|x86.Build.0 = Release|x86
		{00D85F0B-00A5-41FA-8A99-428C0199C663}.Debug|Any CPU.ActiveCfg = Debug|Any CPU
		{00D85F0B-00A5-41FA-8A99-428C0199C663}.Debug|Any CPU.Build.0 = Debug|Any CPU
		{00D85F0B-00A5-41FA-8A99-428C0199C663}.Debug|Mixed Platforms.ActiveCfg = Debug|x86
		{00D85F0B-00A5-41FA-8A99-428C0199C663}.Debug|Mixed Platforms.Build.0 = Debug|x86
		{00D85F0B-00A5-41FA-8A99-428C0199C663}.Debug|Win32.ActiveCfg = Debug|x86
		{00D85F0B-00A5-41FA-8A99-428C0199C663}.Debug|Win32.Build.0 = Debug|x86
		{00D85F0B-00A5-41FA-8A99-428C0199C663}.Debug|x64.ActiveCfg = Debug|Any CPU
		{00D85F0B-00A5-41FA-8A99-428C0199C663}.Debug|x86.ActiveCfg = Debug|x86
		{00D85F0B-00A5-41FA-8A99-428C0199C663}.Debug|x86.Build.0 = Debug|x86
		{00D85F0B-00A5-41FA-8A99-428C0199C663}.Release|Any CPU.ActiveCfg = Release|Any CPU
		{00D85F0B-00A5-41FA-8A99-428C0199C663}.Release|Any CPU.Build.0 = Release|Any CPU
		{00D85F0B-00A5-41FA-8A99-428C0199C663}.Release|Mixed Platforms.ActiveCfg = Release|x86
		{00D85F0B-00A5-41FA-8A99-428C0199C663}.Release|Mixed Platforms.Build.0 = Release|x86
		{00D85F0B-00A5-41FA-8A99-428C0199C663}.Release|Win32.ActiveCfg = Release|x86
		{00D85F0B-00A5-41FA-8A99-428C0199C663}.Release|Win32.Build.0 = Release|x86
		{00D85F0B-00A5-41FA-8A99-428C0199C663}.Release|x64.ActiveCfg = Release|Any CPU
		{00D85F0B-00A5-41FA-8A99-428C0199C663}.Release|x86.ActiveCfg = Release|x86
		{00D85F0B-00A5-41FA-8A99-428C0199C663}.Release|x86.Build.0 = Release|x86
	EndGlobalSection
	GlobalSection(SolutionProperties) = preSolution
		HideSolutionNode = FALSE
	EndGlobalSection
	GlobalSection(NestedProjects) = preSolution
		{F37C1293-015E-47EF-81FE-694857E4A303} = {A81EBF13-571D-440B-943E-C240F26786A4}
		{A7DDFEC9-618B-4ABE-9B1F-5376DB0A282D} = {A81EBF13-571D-440B-943E-C240F26786A4}
		{3C57F76B-BE47-4DE4-8466-3FD0B124D134} = {4B5E9D3B-D204-4890-9E20-D4BD8760382E}
		{79334CCE-6C21-489F-8762-AE357FEC3991} = {4B5E9D3B-D204-4890-9E20-D4BD8760382E}
		{1539D235-D7EA-4D1D-8D5F-C08FA6A1C1EC} = {4B5E9D3B-D204-4890-9E20-D4BD8760382E}
		{6A447DC6-2D01-46A9-8D5D-C59E0653ECE5} = {4B5E9D3B-D204-4890-9E20-D4BD8760382E}
		{80A8EF86-FD3F-4117-8ED6-E3F494BC6361} = {4B5E9D3B-D204-4890-9E20-D4BD8760382E}
		{ED4B9610-76A0-497E-8067-2AAC76A6C484} = {4B5E9D3B-D204-4890-9E20-D4BD8760382E}
		{63C41453-1D5A-4C9D-AE0A-D4A08FEEFCA3} = {4B5E9D3B-D204-4890-9E20-D4BD8760382E}
		{E7F149DC-8B98-4174-AFE9-D50C5F1E6A51} = {4B5E9D3B-D204-4890-9E20-D4BD8760382E}
		{2388C727-EA72-489B-A089-758009EC45ED} = {4B5E9D3B-D204-4890-9E20-D4BD8760382E}
		{0B56F789-4A97-4CF6-81E7-DA41A40A5761} = {4B5E9D3B-D204-4890-9E20-D4BD8760382E}
		{A98E7BFE-295C-40E8-A57B-7342A3EAD800} = {4B5E9D3B-D204-4890-9E20-D4BD8760382E}
		{E69F0B2E-21F0-470C-9A35-3AF80E990FAE} = {4B5E9D3B-D204-4890-9E20-D4BD8760382E}
		{91DA0DAD-278D-4068-9973-45543BE3596B} = {4B5E9D3B-D204-4890-9E20-D4BD8760382E}
		{305373DE-CC1A-444D-8172-DCD283929DDF} = {4B5E9D3B-D204-4890-9E20-D4BD8760382E}
		{F6074A5A-F27A-4E93-ABB8-7F80691E031F} = {4B5E9D3B-D204-4890-9E20-D4BD8760382E}
		{5E0567CA-D01A-417B-816F-54F9F46F84F6} = {4B5E9D3B-D204-4890-9E20-D4BD8760382E}
		{474F85E5-207B-4766-B7AC-F61B1861CD4C} = {4B5E9D3B-D204-4890-9E20-D4BD8760382E}
		{30206ED1-530D-4EAE-9895-7D6E2F49C79F} = {4B5E9D3B-D204-4890-9E20-D4BD8760382E}
		{3CF8F8FC-6F5C-46F8-94DC-C2E4C505ECA4} = {4B5E9D3B-D204-4890-9E20-D4BD8760382E}
		{00D85F0B-00A5-41FA-8A99-428C0199C663} = {4B5E9D3B-D204-4890-9E20-D4BD8760382E}
		{8015E88A-AF77-4C44-B77D-B1639990642C} = {0371646B-F3A2-4CEF-B1BE-4F150304995A}
		{F9FF4A13-F344-4422-8908-99292FAE27EE} = {ADD6B02E-DEFB-4FD8-AAF7-CC974AE57420}
		{FA8149F8-BF54-4A46-9D0A-9980CEAD705B} = {ADD6B02E-DEFB-4FD8-AAF7-CC974AE57420}
		{991FE8BA-4611-43CE-B669-63E5D6B63B03} = {ADD6B02E-DEFB-4FD8-AAF7-CC974AE57420}
		{1555D951-9BFF-4C69-B11E-A97942D358A6} = {ADD6B02E-DEFB-4FD8-AAF7-CC974AE57420}
		{04116E70-4D6F-4EB7-965B-097A0B43934A} = {ADD6B02E-DEFB-4FD8-AAF7-CC974AE57420}
		{837A4928-E2C5-4E9E-80A4-1A002C310F9A} = {ADD6B02E-DEFB-4FD8-AAF7-CC974AE57420}
		{AACC3712-0B48-4C2C-BB5A-8E60A940CF1F} = {ADD6B02E-DEFB-4FD8-AAF7-CC974AE57420}
		{D8F19F9A-C7FC-4D63-A4EF-6EACF8DCA26A} = {F7BA7592-1CAC-44B2-967A-E071FF438C75}
		{E058E277-4F95-4AC3-B2BF-AA8BCB2E3E84} = {D101424C-5817-488F-9310-5D4F8CD79D69}
		{19402C0B-EE71-4C41-BE29-86DF4381989F} = {108774B9-1579-4398-9BCD-BD1D6EE827DF}
	EndGlobalSection
EndGlobal
