
Microsoft Visual Studio Solution File, Format Version 12.00
# Visual Studio 2013
VisualStudioVersion = 12.0.21005.1
MinimumVisualStudioVersion = 10.0.40219.1
Project("{FAE04EC0-301F-11D3-BF4B-00C04F79EFBC}") = "ExperimentDataModel", "ExperimentDataModel\ExperimentDataModel.csproj", "{F37C1293-015E-47EF-81FE-694857E4A303}"
EndProject
Project("{FAE04EC0-301F-11D3-BF4B-00C04F79EFBC}") = "Helper", "Helper\Helper.csproj", "{5216BA05-F05D-447A-965F-B1357DCB4990}"
EndProject
Project("{FAE04EC0-301F-11D3-BF4B-00C04F79EFBC}") = "Core", "Core\Core.csproj", "{C6FE10AE-EF5A-4094-8A07-DC221947C448}"
EndProject
Project("{FAE04EC0-301F-11D3-BF4B-00C04F79EFBC}") = "test", "test\test.csproj", "{11DFFA80-C9E6-4684-B9D4-592C4D7A0A44}"
EndProject
Project("{FAE04EC0-301F-11D3-BF4B-00C04F79EFBC}") = "LogSystem", "LogSystem\LogSystem.csproj", "{A19331DC-A402-46E7-B634-32A15AD4B926}"
EndProject
Project("{FAE04EC0-301F-11D3-BF4B-00C04F79EFBC}") = "Spotter", "Spotter\Spotter.csproj", "{7F131DC9-C03D-4F1E-9051-9AD2BA502FCC}"
EndProject
Project("{2150E333-8FDC-42A3-9474-1A3956D46DE8}") = "InstrumentFolder", "InstrumentFolder", "{4B5E9D3B-D204-4890-9E20-D4BD8760382E}"
EndProject
Project("{FAE04EC0-301F-11D3-BF4B-00C04F79EFBC}") = "InstrumentHandler", "InstrumentAbstraction\InstrumentHandler.csproj", "{3C57F76B-BE47-4DE4-8466-3FD0B124D134}"
EndProject
Project("{FAE04EC0-301F-11D3-BF4B-00C04F79EFBC}") = "AgilentTest", "AgilentTest\AgilentTest.csproj", "{711A5520-1DA3-47B1-9737-3F6CC8480A6A}"
EndProject
Project("{FAE04EC0-301F-11D3-BF4B-00C04F79EFBC}") = "Keithley24xx", "Keithley24xx\Keithley24xx.csproj", "{79334CCE-6C21-489F-8762-AE357FEC3991}"
EndProject
Project("{2150E333-8FDC-42A3-9474-1A3956D46DE8}") = "FourierTransformFolder", "FourierTransformFolder", "{0371646B-F3A2-4CEF-B1BE-4F150304995A}"
	ProjectSection(SolutionItems) = preProject
		ReadMe.txt = ReadMe.txt
	EndProjectSection
EndProject
Project("{2150E333-8FDC-42A3-9474-1A3956D46DE8}") = "DataModel", "DataModel", "{A81EBF13-571D-440B-943E-C240F26786A4}"
	ProjectSection(SolutionItems) = preProject
		ToDO.txt = ToDO.txt
	EndProjectSection
EndProject
Project("{FAE04EC0-301F-11D3-BF4B-00C04F79EFBC}") = "ExperimentalDataModelTest", "ExperimentalDataModelTest\ExperimentalDataModelTest.csproj", "{A7DDFEC9-618B-4ABE-9B1F-5376DB0A282D}"
EndProject
Project("{2150E333-8FDC-42A3-9474-1A3956D46DE8}") = "DataVizualization", "DataVizualization", "{08AC02F8-3454-40B9-AA45-B98F3AD20FC3}"
EndProject
Project("{2150E333-8FDC-42A3-9474-1A3956D46DE8}") = "Experiments", "Experiments", "{ADD6B02E-DEFB-4FD8-AAF7-CC974AE57420}"
EndProject
Project("{FAE04EC0-301F-11D3-BF4B-00C04F79EFBC}") = "ExperimentAbstraction", "ExperimentAbstraction\ExperimentAbstraction.csproj", "{F9FF4A13-F344-4422-8908-99292FAE27EE}"
EndProject
Project("{FAE04EC0-301F-11D3-BF4B-00C04F79EFBC}") = "IVCharacterization", "IVCharacterization\IVCharacterization.csproj", "{FA8149F8-BF54-4A46-9D0A-9980CEAD705B}"
EndProject
Project("{FAE04EC0-301F-11D3-BF4B-00C04F79EFBC}") = "MeasurementStudio", "MeasurementStudio\MeasurementStudio.csproj", "{3381B9B8-6664-4DE5-B134-76A4287CD51A}"
EndProject
Project("{2150E333-8FDC-42A3-9474-1A3956D46DE8}") = "Pictures", "Pictures", "{9E095E9A-DCE8-4CD9-A8F3-573E356B7C0B}"
	ProjectSection(SolutionItems) = preProject
		Pictures\BackAndForth.xaml = Pictures\BackAndForth.xaml
		Pictures\Normal.xaml = Pictures\Normal.xaml
		Pictures\ZeroCrossing.xaml = Pictures\ZeroCrossing.xaml
		Pictures\ZeroCrossingBackAndForth.xaml = Pictures\ZeroCrossingBackAndForth.xaml
	EndProjectSection
EndProject
Project("{FAE04EC0-301F-11D3-BF4B-00C04F79EFBC}") = "HP34401A", "HP34401A\HP34401A.csproj", "{1539D235-D7EA-4D1D-8D5F-C08FA6A1C1EC}"
EndProject
Project("{FAE04EC0-301F-11D3-BF4B-00C04F79EFBC}") = "Keithley2602A", "Keithley2602A\Keithley2602A.csproj", "{6A447DC6-2D01-46A9-8D5D-C59E0653ECE5}"
EndProject
Project("{FAE04EC0-301F-11D3-BF4B-00C04F79EFBC}") = "KeithleyMultimeter", "KeithleyMultimeter\KeithleyMultimeter.csproj", "{80A8EF86-FD3F-4117-8ED6-E3F494BC6361}"
EndProject
Project("{FAE04EC0-301F-11D3-BF4B-00C04F79EFBC}") = "StanfordSR830", "StanfordSR830\StanfordSR830.csproj", "{ED4B9610-76A0-497E-8067-2AAC76A6C484}"
EndProject
Project("{2150E333-8FDC-42A3-9474-1A3956D46DE8}") = "AssistedMeasurement", "AssistedMeasurement", "{F7BA7592-1CAC-44B2-967A-E071FF438C75}"
EndProject
Project("{FAE04EC0-301F-11D3-BF4B-00C04F79EFBC}") = "AssistedMeasurement", "AssistedMeasurement\AssistedMeasurement.csproj", "{D8F19F9A-C7FC-4D63-A4EF-6EACF8DCA26A}"
EndProject
Project("{FAE04EC0-301F-11D3-BF4B-00C04F79EFBC}") = "AgilentU2442A", "AgilentU2442A\AgilentU2442A.csproj", "{63C41453-1D5A-4C9D-AE0A-D4A08FEEFCA3}"
EndProject
Project("{FAE04EC0-301F-11D3-BF4B-00C04F79EFBC}") = "NoiseMeasurementBox", "NoiseMeasurementBox\NoiseMeasurementBox.csproj", "{E7F149DC-8B98-4174-AFE9-D50C5F1E6A51}"
EndProject
Project("{FAE04EC0-301F-11D3-BF4B-00C04F79EFBC}") = "DataVisualization", "OxyDataVisualization\DataVisualization.csproj", "{A85FAA24-0408-4873-B548-F7D7A5399CF1}"
EndProject
Project("{FAE04EC0-301F-11D3-BF4B-00C04F79EFBC}") = "WpfPageTransitions", "WpfPageTransitions\WpfPageTransitions.csproj", "{22A46D61-1D40-43A9-802C-B9D43DADD9EC}"
EndProject
Global
	GlobalSection(SolutionConfigurationPlatforms) = preSolution
		Debug|Any CPU = Debug|Any CPU
		Debug|Mixed Platforms = Debug|Mixed Platforms
		Debug|Win32 = Debug|Win32
		Debug|x64 = Debug|x64
		Debug|x86 = Debug|x86
		Release|Any CPU = Release|Any CPU
		Release|Mixed Platforms = Release|Mixed Platforms
		Release|Win32 = Release|Win32
		Release|x64 = Release|x64
		Release|x86 = Release|x86
	EndGlobalSection
	GlobalSection(ProjectConfigurationPlatforms) = postSolution
		{F37C1293-015E-47EF-81FE-694857E4A303}.Debug|Any CPU.ActiveCfg = Debug|Any CPU
		{F37C1293-015E-47EF-81FE-694857E4A303}.Debug|Any CPU.Build.0 = Debug|Any CPU
		{F37C1293-015E-47EF-81FE-694857E4A303}.Debug|Mixed Platforms.ActiveCfg = Debug|Any CPU
		{F37C1293-015E-47EF-81FE-694857E4A303}.Debug|Mixed Platforms.Build.0 = Debug|Any CPU
		{F37C1293-015E-47EF-81FE-694857E4A303}.Debug|Win32.ActiveCfg = Debug|Any CPU
		{F37C1293-015E-47EF-81FE-694857E4A303}.Debug|x64.ActiveCfg = Debug|Any CPU
		{F37C1293-015E-47EF-81FE-694857E4A303}.Debug|x86.ActiveCfg = Debug|Any CPU
		{F37C1293-015E-47EF-81FE-694857E4A303}.Release|Any CPU.ActiveCfg = Release|Any CPU
		{F37C1293-015E-47EF-81FE-694857E4A303}.Release|Any CPU.Build.0 = Release|Any CPU
		{F37C1293-015E-47EF-81FE-694857E4A303}.Release|Mixed Platforms.ActiveCfg = Release|Any CPU
		{F37C1293-015E-47EF-81FE-694857E4A303}.Release|Mixed Platforms.Build.0 = Release|Any CPU
		{F37C1293-015E-47EF-81FE-694857E4A303}.Release|Win32.ActiveCfg = Release|Any CPU
		{F37C1293-015E-47EF-81FE-694857E4A303}.Release|x64.ActiveCfg = Release|Any CPU
		{F37C1293-015E-47EF-81FE-694857E4A303}.Release|x86.ActiveCfg = Release|Any CPU
		{5216BA05-F05D-447A-965F-B1357DCB4990}.Debug|Any CPU.ActiveCfg = Debug|Any CPU
		{5216BA05-F05D-447A-965F-B1357DCB4990}.Debug|Any CPU.Build.0 = Debug|Any CPU
		{5216BA05-F05D-447A-965F-B1357DCB4990}.Debug|Mixed Platforms.ActiveCfg = Debug|Any CPU
		{5216BA05-F05D-447A-965F-B1357DCB4990}.Debug|Mixed Platforms.Build.0 = Debug|Any CPU
		{5216BA05-F05D-447A-965F-B1357DCB4990}.Debug|Win32.ActiveCfg = Debug|Any CPU
		{5216BA05-F05D-447A-965F-B1357DCB4990}.Debug|x64.ActiveCfg = Debug|Any CPU
		{5216BA05-F05D-447A-965F-B1357DCB4990}.Debug|x86.ActiveCfg = Debug|Any CPU
		{5216BA05-F05D-447A-965F-B1357DCB4990}.Release|Any CPU.ActiveCfg = Release|Any CPU
		{5216BA05-F05D-447A-965F-B1357DCB4990}.Release|Any CPU.Build.0 = Release|Any CPU
		{5216BA05-F05D-447A-965F-B1357DCB4990}.Release|Mixed Platforms.ActiveCfg = Release|Any CPU
		{5216BA05-F05D-447A-965F-B1357DCB4990}.Release|Mixed Platforms.Build.0 = Release|Any CPU
		{5216BA05-F05D-447A-965F-B1357DCB4990}.Release|Win32.ActiveCfg = Release|Any CPU
		{5216BA05-F05D-447A-965F-B1357DCB4990}.Release|x64.ActiveCfg = Release|Any CPU
		{5216BA05-F05D-447A-965F-B1357DCB4990}.Release|x86.ActiveCfg = Release|Any CPU
		{C6FE10AE-EF5A-4094-8A07-DC221947C448}.Debug|Any CPU.ActiveCfg = Debug|Any CPU
		{C6FE10AE-EF5A-4094-8A07-DC221947C448}.Debug|Any CPU.Build.0 = Debug|Any CPU
		{C6FE10AE-EF5A-4094-8A07-DC221947C448}.Debug|Mixed Platforms.ActiveCfg = Debug|Any CPU
		{C6FE10AE-EF5A-4094-8A07-DC221947C448}.Debug|Mixed Platforms.Build.0 = Debug|Any CPU
		{C6FE10AE-EF5A-4094-8A07-DC221947C448}.Debug|Win32.ActiveCfg = Debug|Any CPU
		{C6FE10AE-EF5A-4094-8A07-DC221947C448}.Debug|x64.ActiveCfg = Debug|Any CPU
		{C6FE10AE-EF5A-4094-8A07-DC221947C448}.Debug|x86.ActiveCfg = Debug|Any CPU
		{C6FE10AE-EF5A-4094-8A07-DC221947C448}.Release|Any CPU.ActiveCfg = Release|Any CPU
		{C6FE10AE-EF5A-4094-8A07-DC221947C448}.Release|Any CPU.Build.0 = Release|Any CPU
		{C6FE10AE-EF5A-4094-8A07-DC221947C448}.Release|Mixed Platforms.ActiveCfg = Release|Any CPU
		{C6FE10AE-EF5A-4094-8A07-DC221947C448}.Release|Mixed Platforms.Build.0 = Release|Any CPU
		{C6FE10AE-EF5A-4094-8A07-DC221947C448}.Release|Win32.ActiveCfg = Release|Any CPU
		{C6FE10AE-EF5A-4094-8A07-DC221947C448}.Release|x64.ActiveCfg = Release|Any CPU
		{C6FE10AE-EF5A-4094-8A07-DC221947C448}.Release|x86.ActiveCfg = Release|Any CPU
		{11DFFA80-C9E6-4684-B9D4-592C4D7A0A44}.Debug|Any CPU.ActiveCfg = Debug|Any CPU
		{11DFFA80-C9E6-4684-B9D4-592C4D7A0A44}.Debug|Any CPU.Build.0 = Debug|Any CPU
		{11DFFA80-C9E6-4684-B9D4-592C4D7A0A44}.Debug|Mixed Platforms.ActiveCfg = Debug|Any CPU
		{11DFFA80-C9E6-4684-B9D4-592C4D7A0A44}.Debug|Mixed Platforms.Build.0 = Debug|Any CPU
		{11DFFA80-C9E6-4684-B9D4-592C4D7A0A44}.Debug|Win32.ActiveCfg = Debug|Any CPU
		{11DFFA80-C9E6-4684-B9D4-592C4D7A0A44}.Debug|x64.ActiveCfg = Debug|Any CPU
		{11DFFA80-C9E6-4684-B9D4-592C4D7A0A44}.Debug|x86.ActiveCfg = Debug|Any CPU
		{11DFFA80-C9E6-4684-B9D4-592C4D7A0A44}.Release|Any CPU.ActiveCfg = Release|Any CPU
		{11DFFA80-C9E6-4684-B9D4-592C4D7A0A44}.Release|Any CPU.Build.0 = Release|Any CPU
		{11DFFA80-C9E6-4684-B9D4-592C4D7A0A44}.Release|Mixed Platforms.ActiveCfg = Release|Any CPU
		{11DFFA80-C9E6-4684-B9D4-592C4D7A0A44}.Release|Mixed Platforms.Build.0 = Release|Any CPU
		{11DFFA80-C9E6-4684-B9D4-592C4D7A0A44}.Release|Win32.ActiveCfg = Release|Any CPU
		{11DFFA80-C9E6-4684-B9D4-592C4D7A0A44}.Release|x64.ActiveCfg = Release|Any CPU
		{11DFFA80-C9E6-4684-B9D4-592C4D7A0A44}.Release|x86.ActiveCfg = Release|Any CPU
		{A19331DC-A402-46E7-B634-32A15AD4B926}.Debug|Any CPU.ActiveCfg = Debug|Any CPU
		{A19331DC-A402-46E7-B634-32A15AD4B926}.Debug|Any CPU.Build.0 = Debug|Any CPU
		{A19331DC-A402-46E7-B634-32A15AD4B926}.Debug|Mixed Platforms.ActiveCfg = Debug|Any CPU
		{A19331DC-A402-46E7-B634-32A15AD4B926}.Debug|Mixed Platforms.Build.0 = Debug|Any CPU
		{A19331DC-A402-46E7-B634-32A15AD4B926}.Debug|Win32.ActiveCfg = Debug|Any CPU
		{A19331DC-A402-46E7-B634-32A15AD4B926}.Debug|x64.ActiveCfg = Debug|Any CPU
		{A19331DC-A402-46E7-B634-32A15AD4B926}.Debug|x86.ActiveCfg = Debug|Any CPU
		{A19331DC-A402-46E7-B634-32A15AD4B926}.Release|Any CPU.ActiveCfg = Release|Any CPU
		{A19331DC-A402-46E7-B634-32A15AD4B926}.Release|Any CPU.Build.0 = Release|Any CPU
		{A19331DC-A402-46E7-B634-32A15AD4B926}.Release|Mixed Platforms.ActiveCfg = Release|Any CPU
		{A19331DC-A402-46E7-B634-32A15AD4B926}.Release|Mixed Platforms.Build.0 = Release|Any CPU
		{A19331DC-A402-46E7-B634-32A15AD4B926}.Release|Win32.ActiveCfg = Release|Any CPU
		{A19331DC-A402-46E7-B634-32A15AD4B926}.Release|x64.ActiveCfg = Release|Any CPU
		{A19331DC-A402-46E7-B634-32A15AD4B926}.Release|x86.ActiveCfg = Release|Any CPU
		{7F131DC9-C03D-4F1E-9051-9AD2BA502FCC}.Debug|Any CPU.ActiveCfg = Debug|Any CPU
		{7F131DC9-C03D-4F1E-9051-9AD2BA502FCC}.Debug|Any CPU.Build.0 = Debug|Any CPU
		{7F131DC9-C03D-4F1E-9051-9AD2BA502FCC}.Debug|Mixed Platforms.ActiveCfg = Debug|Any CPU
		{7F131DC9-C03D-4F1E-9051-9AD2BA502FCC}.Debug|Mixed Platforms.Build.0 = Debug|Any CPU
		{7F131DC9-C03D-4F1E-9051-9AD2BA502FCC}.Debug|Win32.ActiveCfg = Debug|Any CPU
		{7F131DC9-C03D-4F1E-9051-9AD2BA502FCC}.Debug|x64.ActiveCfg = Debug|Any CPU
		{7F131DC9-C03D-4F1E-9051-9AD2BA502FCC}.Debug|x86.ActiveCfg = Debug|Any CPU
		{7F131DC9-C03D-4F1E-9051-9AD2BA502FCC}.Release|Any CPU.ActiveCfg = Release|Any CPU
		{7F131DC9-C03D-4F1E-9051-9AD2BA502FCC}.Release|Any CPU.Build.0 = Release|Any CPU
		{7F131DC9-C03D-4F1E-9051-9AD2BA502FCC}.Release|Mixed Platforms.ActiveCfg = Release|Any CPU
		{7F131DC9-C03D-4F1E-9051-9AD2BA502FCC}.Release|Mixed Platforms.Build.0 = Release|Any CPU
		{7F131DC9-C03D-4F1E-9051-9AD2BA502FCC}.Release|Win32.ActiveCfg = Release|Any CPU
		{7F131DC9-C03D-4F1E-9051-9AD2BA502FCC}.Release|x64.ActiveCfg = Release|Any CPU
		{7F131DC9-C03D-4F1E-9051-9AD2BA502FCC}.Release|x86.ActiveCfg = Release|Any CPU
		{3C57F76B-BE47-4DE4-8466-3FD0B124D134}.Debug|Any CPU.ActiveCfg = Debug|Any CPU
		{3C57F76B-BE47-4DE4-8466-3FD0B124D134}.Debug|Any CPU.Build.0 = Debug|Any CPU
		{3C57F76B-BE47-4DE4-8466-3FD0B124D134}.Debug|Mixed Platforms.ActiveCfg = Debug|Any CPU
		{3C57F76B-BE47-4DE4-8466-3FD0B124D134}.Debug|Mixed Platforms.Build.0 = Debug|Any CPU
		{3C57F76B-BE47-4DE4-8466-3FD0B124D134}.Debug|Win32.ActiveCfg = Debug|Any CPU
		{3C57F76B-BE47-4DE4-8466-3FD0B124D134}.Debug|x64.ActiveCfg = Debug|Any CPU
		{3C57F76B-BE47-4DE4-8466-3FD0B124D134}.Debug|x86.ActiveCfg = Debug|Any CPU
		{3C57F76B-BE47-4DE4-8466-3FD0B124D134}.Release|Any CPU.ActiveCfg = Release|Any CPU
		{3C57F76B-BE47-4DE4-8466-3FD0B124D134}.Release|Any CPU.Build.0 = Release|Any CPU
		{3C57F76B-BE47-4DE4-8466-3FD0B124D134}.Release|Mixed Platforms.ActiveCfg = Release|Any CPU
		{3C57F76B-BE47-4DE4-8466-3FD0B124D134}.Release|Mixed Platforms.Build.0 = Release|Any CPU
		{3C57F76B-BE47-4DE4-8466-3FD0B124D134}.Release|Win32.ActiveCfg = Release|Any CPU
		{3C57F76B-BE47-4DE4-8466-3FD0B124D134}.Release|x64.ActiveCfg = Release|Any CPU
		{3C57F76B-BE47-4DE4-8466-3FD0B124D134}.Release|x86.ActiveCfg = Release|Any CPU
		{711A5520-1DA3-47B1-9737-3F6CC8480A6A}.Debug|Any CPU.ActiveCfg = Debug|Any CPU
		{711A5520-1DA3-47B1-9737-3F6CC8480A6A}.Debug|Any CPU.Build.0 = Debug|Any CPU
		{711A5520-1DA3-47B1-9737-3F6CC8480A6A}.Debug|Mixed Platforms.ActiveCfg = Debug|Any CPU
		{711A5520-1DA3-47B1-9737-3F6CC8480A6A}.Debug|Mixed Platforms.Build.0 = Debug|Any CPU
		{711A5520-1DA3-47B1-9737-3F6CC8480A6A}.Debug|Win32.ActiveCfg = Debug|Any CPU
		{711A5520-1DA3-47B1-9737-3F6CC8480A6A}.Debug|x64.ActiveCfg = Debug|Any CPU
		{711A5520-1DA3-47B1-9737-3F6CC8480A6A}.Debug|x86.ActiveCfg = Debug|Any CPU
		{711A5520-1DA3-47B1-9737-3F6CC8480A6A}.Release|Any CPU.ActiveCfg = Release|Any CPU
		{711A5520-1DA3-47B1-9737-3F6CC8480A6A}.Release|Any CPU.Build.0 = Release|Any CPU
		{711A5520-1DA3-47B1-9737-3F6CC8480A6A}.Release|Mixed Platforms.ActiveCfg = Release|Any CPU
		{711A5520-1DA3-47B1-9737-3F6CC8480A6A}.Release|Mixed Platforms.Build.0 = Release|Any CPU
		{711A5520-1DA3-47B1-9737-3F6CC8480A6A}.Release|Win32.ActiveCfg = Release|Any CPU
		{711A5520-1DA3-47B1-9737-3F6CC8480A6A}.Release|x64.ActiveCfg = Release|Any CPU
		{711A5520-1DA3-47B1-9737-3F6CC8480A6A}.Release|x86.ActiveCfg = Release|Any CPU
		{711A5520-1DA3-47B1-9737-3F6CC8480A6A}.Release|x86.Build.0 = Release|Any CPU
		{79334CCE-6C21-489F-8762-AE357FEC3991}.Debug|Any CPU.ActiveCfg = Debug|Any CPU
		{79334CCE-6C21-489F-8762-AE357FEC3991}.Debug|Any CPU.Build.0 = Debug|Any CPU
		{79334CCE-6C21-489F-8762-AE357FEC3991}.Debug|Mixed Platforms.ActiveCfg = Debug|Any CPU
		{79334CCE-6C21-489F-8762-AE357FEC3991}.Debug|Mixed Platforms.Build.0 = Debug|Any CPU
		{79334CCE-6C21-489F-8762-AE357FEC3991}.Debug|Win32.ActiveCfg = Debug|Any CPU
		{79334CCE-6C21-489F-8762-AE357FEC3991}.Debug|x64.ActiveCfg = Debug|Any CPU
		{79334CCE-6C21-489F-8762-AE357FEC3991}.Debug|x86.ActiveCfg = Debug|Any CPU
		{79334CCE-6C21-489F-8762-AE357FEC3991}.Release|Any CPU.ActiveCfg = Release|Any CPU
		{79334CCE-6C21-489F-8762-AE357FEC3991}.Release|Any CPU.Build.0 = Release|Any CPU
		{79334CCE-6C21-489F-8762-AE357FEC3991}.Release|Mixed Platforms.ActiveCfg = Release|Any CPU
		{79334CCE-6C21-489F-8762-AE357FEC3991}.Release|Mixed Platforms.Build.0 = Release|Any CPU
		{79334CCE-6C21-489F-8762-AE357FEC3991}.Release|Win32.ActiveCfg = Release|Any CPU
		{79334CCE-6C21-489F-8762-AE357FEC3991}.Release|x64.ActiveCfg = Release|Any CPU
		{79334CCE-6C21-489F-8762-AE357FEC3991}.Release|x86.ActiveCfg = Release|Any CPU
		{A7DDFEC9-618B-4ABE-9B1F-5376DB0A282D}.Debug|Any CPU.ActiveCfg = Debug|Any CPU
		{A7DDFEC9-618B-4ABE-9B1F-5376DB0A282D}.Debug|Any CPU.Build.0 = Debug|Any CPU
		{A7DDFEC9-618B-4ABE-9B1F-5376DB0A282D}.Debug|Mixed Platforms.ActiveCfg = Debug|Any CPU
		{A7DDFEC9-618B-4ABE-9B1F-5376DB0A282D}.Debug|Mixed Platforms.Build.0 = Debug|Any CPU
		{A7DDFEC9-618B-4ABE-9B1F-5376DB0A282D}.Debug|Win32.ActiveCfg = Debug|Any CPU
		{A7DDFEC9-618B-4ABE-9B1F-5376DB0A282D}.Debug|x64.ActiveCfg = Debug|Any CPU
		{A7DDFEC9-618B-4ABE-9B1F-5376DB0A282D}.Debug|x86.ActiveCfg = Debug|Any CPU
		{A7DDFEC9-618B-4ABE-9B1F-5376DB0A282D}.Release|Any CPU.ActiveCfg = Release|Any CPU
		{A7DDFEC9-618B-4ABE-9B1F-5376DB0A282D}.Release|Any CPU.Build.0 = Release|Any CPU
		{A7DDFEC9-618B-4ABE-9B1F-5376DB0A282D}.Release|Mixed Platforms.ActiveCfg = Release|Any CPU
		{A7DDFEC9-618B-4ABE-9B1F-5376DB0A282D}.Release|Mixed Platforms.Build.0 = Release|Any CPU
		{A7DDFEC9-618B-4ABE-9B1F-5376DB0A282D}.Release|Win32.ActiveCfg = Release|Any CPU
		{A7DDFEC9-618B-4ABE-9B1F-5376DB0A282D}.Release|x64.ActiveCfg = Release|Any CPU
		{A7DDFEC9-618B-4ABE-9B1F-5376DB0A282D}.Release|x86.ActiveCfg = Release|Any CPU
		{F9FF4A13-F344-4422-8908-99292FAE27EE}.Debug|Any CPU.ActiveCfg = Debug|Any CPU
		{F9FF4A13-F344-4422-8908-99292FAE27EE}.Debug|Any CPU.Build.0 = Debug|Any CPU
		{F9FF4A13-F344-4422-8908-99292FAE27EE}.Debug|Mixed Platforms.ActiveCfg = Debug|Any CPU
		{F9FF4A13-F344-4422-8908-99292FAE27EE}.Debug|Mixed Platforms.Build.0 = Debug|Any CPU
		{F9FF4A13-F344-4422-8908-99292FAE27EE}.Debug|Win32.ActiveCfg = Debug|Any CPU
		{F9FF4A13-F344-4422-8908-99292FAE27EE}.Debug|x64.ActiveCfg = Debug|Any CPU
		{F9FF4A13-F344-4422-8908-99292FAE27EE}.Debug|x86.ActiveCfg = Debug|Any CPU
		{F9FF4A13-F344-4422-8908-99292FAE27EE}.Release|Any CPU.ActiveCfg = Release|Any CPU
		{F9FF4A13-F344-4422-8908-99292FAE27EE}.Release|Any CPU.Build.0 = Release|Any CPU
		{F9FF4A13-F344-4422-8908-99292FAE27EE}.Release|Mixed Platforms.ActiveCfg = Release|Any CPU
		{F9FF4A13-F344-4422-8908-99292FAE27EE}.Release|Mixed Platforms.Build.0 = Release|Any CPU
		{F9FF4A13-F344-4422-8908-99292FAE27EE}.Release|Win32.ActiveCfg = Release|Any CPU
		{F9FF4A13-F344-4422-8908-99292FAE27EE}.Release|x64.ActiveCfg = Release|Any CPU
		{F9FF4A13-F344-4422-8908-99292FAE27EE}.Release|x86.ActiveCfg = Release|Any CPU
		{FA8149F8-BF54-4A46-9D0A-9980CEAD705B}.Debug|Any CPU.ActiveCfg = Debug|Any CPU
		{FA8149F8-BF54-4A46-9D0A-9980CEAD705B}.Debug|Any CPU.Build.0 = Debug|Any CPU
		{FA8149F8-BF54-4A46-9D0A-9980CEAD705B}.Debug|Mixed Platforms.ActiveCfg = Debug|Any CPU
		{FA8149F8-BF54-4A46-9D0A-9980CEAD705B}.Debug|Mixed Platforms.Build.0 = Debug|Any CPU
		{FA8149F8-BF54-4A46-9D0A-9980CEAD705B}.Debug|Win32.ActiveCfg = Debug|Any CPU
		{FA8149F8-BF54-4A46-9D0A-9980CEAD705B}.Debug|x64.ActiveCfg = Debug|Any CPU
		{FA8149F8-BF54-4A46-9D0A-9980CEAD705B}.Debug|x86.ActiveCfg = Debug|Any CPU
		{FA8149F8-BF54-4A46-9D0A-9980CEAD705B}.Release|Any CPU.ActiveCfg = Release|Any CPU
		{FA8149F8-BF54-4A46-9D0A-9980CEAD705B}.Release|Any CPU.Build.0 = Release|Any CPU
		{FA8149F8-BF54-4A46-9D0A-9980CEAD705B}.Release|Mixed Platforms.ActiveCfg = Release|Any CPU
		{FA8149F8-BF54-4A46-9D0A-9980CEAD705B}.Release|Mixed Platforms.Build.0 = Release|Any CPU
		{FA8149F8-BF54-4A46-9D0A-9980CEAD705B}.Release|Win32.ActiveCfg = Release|Any CPU
		{FA8149F8-BF54-4A46-9D0A-9980CEAD705B}.Release|x64.ActiveCfg = Release|Any CPU
		{FA8149F8-BF54-4A46-9D0A-9980CEAD705B}.Release|x86.ActiveCfg = Release|Any CPU
		{3381B9B8-6664-4DE5-B134-76A4287CD51A}.Debug|Any CPU.ActiveCfg = Debug|Any CPU
		{3381B9B8-6664-4DE5-B134-76A4287CD51A}.Debug|Any CPU.Build.0 = Debug|Any CPU
		{3381B9B8-6664-4DE5-B134-76A4287CD51A}.Debug|Mixed Platforms.ActiveCfg = Debug|Any CPU
		{3381B9B8-6664-4DE5-B134-76A4287CD51A}.Debug|Mixed Platforms.Build.0 = Debug|Any CPU
		{3381B9B8-6664-4DE5-B134-76A4287CD51A}.Debug|Win32.ActiveCfg = Debug|Any CPU
		{3381B9B8-6664-4DE5-B134-76A4287CD51A}.Debug|x64.ActiveCfg = Debug|Any CPU
		{3381B9B8-6664-4DE5-B134-76A4287CD51A}.Debug|x86.ActiveCfg = Debug|Any CPU
		{3381B9B8-6664-4DE5-B134-76A4287CD51A}.Release|Any CPU.ActiveCfg = Release|Any CPU
		{3381B9B8-6664-4DE5-B134-76A4287CD51A}.Release|Any CPU.Build.0 = Release|Any CPU
		{3381B9B8-6664-4DE5-B134-76A4287CD51A}.Release|Mixed Platforms.ActiveCfg = Release|Any CPU
		{3381B9B8-6664-4DE5-B134-76A4287CD51A}.Release|Mixed Platforms.Build.0 = Release|Any CPU
		{3381B9B8-6664-4DE5-B134-76A4287CD51A}.Release|Win32.ActiveCfg = Release|Any CPU
		{3381B9B8-6664-4DE5-B134-76A4287CD51A}.Release|x64.ActiveCfg = Release|Any CPU
		{3381B9B8-6664-4DE5-B134-76A4287CD51A}.Release|x86.ActiveCfg = Release|Any CPU
		{1539D235-D7EA-4D1D-8D5F-C08FA6A1C1EC}.Debug|Any CPU.ActiveCfg = Debug|Any CPU
		{1539D235-D7EA-4D1D-8D5F-C08FA6A1C1EC}.Debug|Any CPU.Build.0 = Debug|Any CPU
		{1539D235-D7EA-4D1D-8D5F-C08FA6A1C1EC}.Debug|Mixed Platforms.ActiveCfg = Debug|Any CPU
		{1539D235-D7EA-4D1D-8D5F-C08FA6A1C1EC}.Debug|Mixed Platforms.Build.0 = Debug|Any CPU
		{1539D235-D7EA-4D1D-8D5F-C08FA6A1C1EC}.Debug|Win32.ActiveCfg = Debug|Any CPU
		{1539D235-D7EA-4D1D-8D5F-C08FA6A1C1EC}.Debug|x64.ActiveCfg = Debug|Any CPU
		{1539D235-D7EA-4D1D-8D5F-C08FA6A1C1EC}.Debug|x86.ActiveCfg = Debug|Any CPU
		{1539D235-D7EA-4D1D-8D5F-C08FA6A1C1EC}.Release|Any CPU.ActiveCfg = Release|Any CPU
		{1539D235-D7EA-4D1D-8D5F-C08FA6A1C1EC}.Release|Any CPU.Build.0 = Release|Any CPU
		{1539D235-D7EA-4D1D-8D5F-C08FA6A1C1EC}.Release|Mixed Platforms.ActiveCfg = Release|Any CPU
		{1539D235-D7EA-4D1D-8D5F-C08FA6A1C1EC}.Release|Mixed Platforms.Build.0 = Release|Any CPU
		{1539D235-D7EA-4D1D-8D5F-C08FA6A1C1EC}.Release|Win32.ActiveCfg = Release|Any CPU
		{1539D235-D7EA-4D1D-8D5F-C08FA6A1C1EC}.Release|x64.ActiveCfg = Release|Any CPU
		{1539D235-D7EA-4D1D-8D5F-C08FA6A1C1EC}.Release|x86.ActiveCfg = Release|Any CPU
		{6A447DC6-2D01-46A9-8D5D-C59E0653ECE5}.Debug|Any CPU.ActiveCfg = Debug|Any CPU
		{6A447DC6-2D01-46A9-8D5D-C59E0653ECE5}.Debug|Any CPU.Build.0 = Debug|Any CPU
		{6A447DC6-2D01-46A9-8D5D-C59E0653ECE5}.Debug|Mixed Platforms.ActiveCfg = Debug|Any CPU
		{6A447DC6-2D01-46A9-8D5D-C59E0653ECE5}.Debug|Mixed Platforms.Build.0 = Debug|Any CPU
		{6A447DC6-2D01-46A9-8D5D-C59E0653ECE5}.Debug|Win32.ActiveCfg = Debug|Any CPU
		{6A447DC6-2D01-46A9-8D5D-C59E0653ECE5}.Debug|x64.ActiveCfg = Debug|Any CPU
		{6A447DC6-2D01-46A9-8D5D-C59E0653ECE5}.Debug|x86.ActiveCfg = Debug|Any CPU
		{6A447DC6-2D01-46A9-8D5D-C59E0653ECE5}.Release|Any CPU.ActiveCfg = Release|Any CPU
		{6A447DC6-2D01-46A9-8D5D-C59E0653ECE5}.Release|Any CPU.Build.0 = Release|Any CPU
		{6A447DC6-2D01-46A9-8D5D-C59E0653ECE5}.Release|Mixed Platforms.ActiveCfg = Release|Any CPU
		{6A447DC6-2D01-46A9-8D5D-C59E0653ECE5}.Release|Mixed Platforms.Build.0 = Release|Any CPU
		{6A447DC6-2D01-46A9-8D5D-C59E0653ECE5}.Release|Win32.ActiveCfg = Release|Any CPU
		{6A447DC6-2D01-46A9-8D5D-C59E0653ECE5}.Release|x64.ActiveCfg = Release|Any CPU
		{6A447DC6-2D01-46A9-8D5D-C59E0653ECE5}.Release|x86.ActiveCfg = Release|Any CPU
		{80A8EF86-FD3F-4117-8ED6-E3F494BC6361}.Debug|Any CPU.ActiveCfg = Debug|Any CPU
		{80A8EF86-FD3F-4117-8ED6-E3F494BC6361}.Debug|Any CPU.Build.0 = Debug|Any CPU
		{80A8EF86-FD3F-4117-8ED6-E3F494BC6361}.Debug|Mixed Platforms.ActiveCfg = Debug|Any CPU
		{80A8EF86-FD3F-4117-8ED6-E3F494BC6361}.Debug|Mixed Platforms.Build.0 = Debug|Any CPU
		{80A8EF86-FD3F-4117-8ED6-E3F494BC6361}.Debug|Win32.ActiveCfg = Debug|Any CPU
		{80A8EF86-FD3F-4117-8ED6-E3F494BC6361}.Debug|x64.ActiveCfg = Debug|Any CPU
		{80A8EF86-FD3F-4117-8ED6-E3F494BC6361}.Debug|x86.ActiveCfg = Debug|Any CPU
		{80A8EF86-FD3F-4117-8ED6-E3F494BC6361}.Release|Any CPU.ActiveCfg = Release|Any CPU
		{80A8EF86-FD3F-4117-8ED6-E3F494BC6361}.Release|Any CPU.Build.0 = Release|Any CPU
		{80A8EF86-FD3F-4117-8ED6-E3F494BC6361}.Release|Mixed Platforms.ActiveCfg = Release|Any CPU
		{80A8EF86-FD3F-4117-8ED6-E3F494BC6361}.Release|Mixed Platforms.Build.0 = Release|Any CPU
		{80A8EF86-FD3F-4117-8ED6-E3F494BC6361}.Release|Win32.ActiveCfg = Release|Any CPU
		{80A8EF86-FD3F-4117-8ED6-E3F494BC6361}.Release|x64.ActiveCfg = Release|Any CPU
		{80A8EF86-FD3F-4117-8ED6-E3F494BC6361}.Release|x86.ActiveCfg = Release|Any CPU
		{ED4B9610-76A0-497E-8067-2AAC76A6C484}.Debug|Any CPU.ActiveCfg = Debug|Any CPU
		{ED4B9610-76A0-497E-8067-2AAC76A6C484}.Debug|Any CPU.Build.0 = Debug|Any CPU
		{ED4B9610-76A0-497E-8067-2AAC76A6C484}.Debug|Mixed Platforms.ActiveCfg = Debug|Any CPU
		{ED4B9610-76A0-497E-8067-2AAC76A6C484}.Debug|Mixed Platforms.Build.0 = Debug|Any CPU
		{ED4B9610-76A0-497E-8067-2AAC76A6C484}.Debug|Win32.ActiveCfg = Debug|Any CPU
		{ED4B9610-76A0-497E-8067-2AAC76A6C484}.Debug|x64.ActiveCfg = Debug|Any CPU
		{ED4B9610-76A0-497E-8067-2AAC76A6C484}.Debug|x86.ActiveCfg = Debug|Any CPU
		{ED4B9610-76A0-497E-8067-2AAC76A6C484}.Release|Any CPU.ActiveCfg = Release|Any CPU
		{ED4B9610-76A0-497E-8067-2AAC76A6C484}.Release|Any CPU.Build.0 = Release|Any CPU
		{ED4B9610-76A0-497E-8067-2AAC76A6C484}.Release|Mixed Platforms.ActiveCfg = Release|Any CPU
		{ED4B9610-76A0-497E-8067-2AAC76A6C484}.Release|Mixed Platforms.Build.0 = Release|Any CPU
		{ED4B9610-76A0-497E-8067-2AAC76A6C484}.Release|Win32.ActiveCfg = Release|Any CPU
		{ED4B9610-76A0-497E-8067-2AAC76A6C484}.Release|x64.ActiveCfg = Release|Any CPU
		{ED4B9610-76A0-497E-8067-2AAC76A6C484}.Release|x86.ActiveCfg = Release|Any CPU
		{D8F19F9A-C7FC-4D63-A4EF-6EACF8DCA26A}.Debug|Any CPU.ActiveCfg = Debug|Any CPU
		{D8F19F9A-C7FC-4D63-A4EF-6EACF8DCA26A}.Debug|Any CPU.Build.0 = Debug|Any CPU
		{D8F19F9A-C7FC-4D63-A4EF-6EACF8DCA26A}.Debug|Mixed Platforms.ActiveCfg = Debug|Any CPU
		{D8F19F9A-C7FC-4D63-A4EF-6EACF8DCA26A}.Debug|Mixed Platforms.Build.0 = Debug|Any CPU
		{D8F19F9A-C7FC-4D63-A4EF-6EACF8DCA26A}.Debug|Win32.ActiveCfg = Debug|Any CPU
		{D8F19F9A-C7FC-4D63-A4EF-6EACF8DCA26A}.Debug|x64.ActiveCfg = Debug|Any CPU
		{D8F19F9A-C7FC-4D63-A4EF-6EACF8DCA26A}.Debug|x86.ActiveCfg = Debug|Any CPU
		{D8F19F9A-C7FC-4D63-A4EF-6EACF8DCA26A}.Release|Any CPU.ActiveCfg = Release|Any CPU
		{D8F19F9A-C7FC-4D63-A4EF-6EACF8DCA26A}.Release|Any CPU.Build.0 = Release|Any CPU
		{D8F19F9A-C7FC-4D63-A4EF-6EACF8DCA26A}.Release|Mixed Platforms.ActiveCfg = Release|Any CPU
		{D8F19F9A-C7FC-4D63-A4EF-6EACF8DCA26A}.Release|Mixed Platforms.Build.0 = Release|Any CPU
		{D8F19F9A-C7FC-4D63-A4EF-6EACF8DCA26A}.Release|Win32.ActiveCfg = Release|Any CPU
		{D8F19F9A-C7FC-4D63-A4EF-6EACF8DCA26A}.Release|x64.ActiveCfg = Release|Any CPU
		{D8F19F9A-C7FC-4D63-A4EF-6EACF8DCA26A}.Release|x86.ActiveCfg = Release|Any CPU
		{63C41453-1D5A-4C9D-AE0A-D4A08FEEFCA3}.Debug|Any CPU.ActiveCfg = Debug|Any CPU
		{63C41453-1D5A-4C9D-AE0A-D4A08FEEFCA3}.Debug|Any CPU.Build.0 = Debug|Any CPU
		{63C41453-1D5A-4C9D-AE0A-D4A08FEEFCA3}.Debug|Mixed Platforms.ActiveCfg = Debug|Any CPU
		{63C41453-1D5A-4C9D-AE0A-D4A08FEEFCA3}.Debug|Mixed Platforms.Build.0 = Debug|Any CPU
		{63C41453-1D5A-4C9D-AE0A-D4A08FEEFCA3}.Debug|Win32.ActiveCfg = Debug|Any CPU
		{63C41453-1D5A-4C9D-AE0A-D4A08FEEFCA3}.Debug|x64.ActiveCfg = Debug|Any CPU
		{63C41453-1D5A-4C9D-AE0A-D4A08FEEFCA3}.Debug|x86.ActiveCfg = Debug|Any CPU
		{63C41453-1D5A-4C9D-AE0A-D4A08FEEFCA3}.Release|Any CPU.ActiveCfg = Release|Any CPU
		{63C41453-1D5A-4C9D-AE0A-D4A08FEEFCA3}.Release|Any CPU.Build.0 = Release|Any CPU
		{63C41453-1D5A-4C9D-AE0A-D4A08FEEFCA3}.Release|Mixed Platforms.ActiveCfg = Release|Any CPU
		{63C41453-1D5A-4C9D-AE0A-D4A08FEEFCA3}.Release|Mixed Platforms.Build.0 = Release|Any CPU
		{63C41453-1D5A-4C9D-AE0A-D4A08FEEFCA3}.Release|Win32.ActiveCfg = Release|Any CPU
		{63C41453-1D5A-4C9D-AE0A-D4A08FEEFCA3}.Release|x64.ActiveCfg = Release|Any CPU
		{63C41453-1D5A-4C9D-AE0A-D4A08FEEFCA3}.Release|x86.ActiveCfg = Release|Any CPU
		{E7F149DC-8B98-4174-AFE9-D50C5F1E6A51}.Debug|Any CPU.ActiveCfg = Debug|Any CPU
		{E7F149DC-8B98-4174-AFE9-D50C5F1E6A51}.Debug|Any CPU.Build.0 = Debug|Any CPU
		{E7F149DC-8B98-4174-AFE9-D50C5F1E6A51}.Debug|Mixed Platforms.ActiveCfg = Debug|Any CPU
		{E7F149DC-8B98-4174-AFE9-D50C5F1E6A51}.Debug|Mixed Platforms.Build.0 = Debug|Any CPU
		{E7F149DC-8B98-4174-AFE9-D50C5F1E6A51}.Debug|Win32.ActiveCfg = Debug|Any CPU
		{E7F149DC-8B98-4174-AFE9-D50C5F1E6A51}.Debug|x64.ActiveCfg = Debug|Any CPU
		{E7F149DC-8B98-4174-AFE9-D50C5F1E6A51}.Debug|x86.ActiveCfg = Debug|Any CPU
		{E7F149DC-8B98-4174-AFE9-D50C5F1E6A51}.Release|Any CPU.ActiveCfg = Release|Any CPU
		{E7F149DC-8B98-4174-AFE9-D50C5F1E6A51}.Release|Any CPU.Build.0 = Release|Any CPU
		{E7F149DC-8B98-4174-AFE9-D50C5F1E6A51}.Release|Mixed Platforms.ActiveCfg = Release|Any CPU
		{E7F149DC-8B98-4174-AFE9-D50C5F1E6A51}.Release|Mixed Platforms.Build.0 = Release|Any CPU
		{E7F149DC-8B98-4174-AFE9-D50C5F1E6A51}.Release|Win32.ActiveCfg = Release|Any CPU
		{E7F149DC-8B98-4174-AFE9-D50C5F1E6A51}.Release|x64.ActiveCfg = Release|Any CPU
		{E7F149DC-8B98-4174-AFE9-D50C5F1E6A51}.Release|x86.ActiveCfg = Release|Any CPU
		{A85FAA24-0408-4873-B548-F7D7A5399CF1}.Debug|Any CPU.ActiveCfg = Debug|Any CPU
		{A85FAA24-0408-4873-B548-F7D7A5399CF1}.Debug|Any CPU.Build.0 = Debug|Any CPU
		{A85FAA24-0408-4873-B548-F7D7A5399CF1}.Debug|Mixed Platforms.ActiveCfg = Debug|Any CPU
		{A85FAA24-0408-4873-B548-F7D7A5399CF1}.Debug|Mixed Platforms.Build.0 = Debug|Any CPU
		{A85FAA24-0408-4873-B548-F7D7A5399CF1}.Debug|Win32.ActiveCfg = Debug|Any CPU
		{A85FAA24-0408-4873-B548-F7D7A5399CF1}.Debug|x64.ActiveCfg = Debug|Any CPU
		{A85FAA24-0408-4873-B548-F7D7A5399CF1}.Debug|x86.ActiveCfg = Debug|Any CPU
		{A85FAA24-0408-4873-B548-F7D7A5399CF1}.Release|Any CPU.ActiveCfg = Release|Any CPU
		{A85FAA24-0408-4873-B548-F7D7A5399CF1}.Release|Any CPU.Build.0 = Release|Any CPU
		{A85FAA24-0408-4873-B548-F7D7A5399CF1}.Release|Mixed Platforms.ActiveCfg = Release|Any CPU
		{A85FAA24-0408-4873-B548-F7D7A5399CF1}.Release|Mixed Platforms.Build.0 = Release|Any CPU
		{A85FAA24-0408-4873-B548-F7D7A5399CF1}.Release|Win32.ActiveCfg = Release|Any CPU
		{A85FAA24-0408-4873-B548-F7D7A5399CF1}.Release|x64.ActiveCfg = Release|Any CPU
		{A85FAA24-0408-4873-B548-F7D7A5399CF1}.Release|x86.ActiveCfg = Release|Any CPU
		{22A46D61-1D40-43A9-802C-B9D43DADD9EC}.Debug|Any CPU.ActiveCfg = Debug|Any CPU
		{22A46D61-1D40-43A9-802C-B9D43DADD9EC}.Debug|Any CPU.Build.0 = Debug|Any CPU
		{22A46D61-1D40-43A9-802C-B9D43DADD9EC}.Debug|Mixed Platforms.ActiveCfg = Debug|Any CPU
		{22A46D61-1D40-43A9-802C-B9D43DADD9EC}.Debug|Mixed Platforms.Build.0 = Debug|Any CPU
		{22A46D61-1D40-43A9-802C-B9D43DADD9EC}.Debug|Win32.ActiveCfg = Debug|Any CPU
		{22A46D61-1D40-43A9-802C-B9D43DADD9EC}.Debug|x64.ActiveCfg = Debug|Any CPU
		{22A46D61-1D40-43A9-802C-B9D43DADD9EC}.Debug|x86.ActiveCfg = Debug|Any CPU
		{22A46D61-1D40-43A9-802C-B9D43DADD9EC}.Release|Any CPU.ActiveCfg = Release|Any CPU
		{22A46D61-1D40-43A9-802C-B9D43DADD9EC}.Release|Any CPU.Build.0 = Release|Any CPU
		{22A46D61-1D40-43A9-802C-B9D43DADD9EC}.Release|Mixed Platforms.ActiveCfg = Release|Any CPU
		{22A46D61-1D40-43A9-802C-B9D43DADD9EC}.Release|Mixed Platforms.Build.0 = Release|Any CPU
		{22A46D61-1D40-43A9-802C-B9D43DADD9EC}.Release|Win32.ActiveCfg = Release|Any CPU
		{22A46D61-1D40-43A9-802C-B9D43DADD9EC}.Release|x64.ActiveCfg = Release|Any CPU
		{22A46D61-1D40-43A9-802C-B9D43DADD9EC}.Release|x86.ActiveCfg = Release|Any CPU
	EndGlobalSection
	GlobalSection(SolutionProperties) = preSolution
		HideSolutionNode = FALSE
	EndGlobalSection
	GlobalSection(NestedProjects) = preSolution
		{F37C1293-015E-47EF-81FE-694857E4A303} = {A81EBF13-571D-440B-943E-C240F26786A4}
		{A7DDFEC9-618B-4ABE-9B1F-5376DB0A282D} = {A81EBF13-571D-440B-943E-C240F26786A4}
		{3C57F76B-BE47-4DE4-8466-3FD0B124D134} = {4B5E9D3B-D204-4890-9E20-D4BD8760382E}
		{711A5520-1DA3-47B1-9737-3F6CC8480A6A} = {4B5E9D3B-D204-4890-9E20-D4BD8760382E}
		{79334CCE-6C21-489F-8762-AE357FEC3991} = {4B5E9D3B-D204-4890-9E20-D4BD8760382E}
		{1539D235-D7EA-4D1D-8D5F-C08FA6A1C1EC} = {4B5E9D3B-D204-4890-9E20-D4BD8760382E}
		{6A447DC6-2D01-46A9-8D5D-C59E0653ECE5} = {4B5E9D3B-D204-4890-9E20-D4BD8760382E}
		{80A8EF86-FD3F-4117-8ED6-E3F494BC6361} = {4B5E9D3B-D204-4890-9E20-D4BD8760382E}
		{ED4B9610-76A0-497E-8067-2AAC76A6C484} = {4B5E9D3B-D204-4890-9E20-D4BD8760382E}
		{63C41453-1D5A-4C9D-AE0A-D4A08FEEFCA3} = {4B5E9D3B-D204-4890-9E20-D4BD8760382E}
		{E7F149DC-8B98-4174-AFE9-D50C5F1E6A51} = {4B5E9D3B-D204-4890-9E20-D4BD8760382E}
		{A85FAA24-0408-4873-B548-F7D7A5399CF1} = {08AC02F8-3454-40B9-AA45-B98F3AD20FC3}
		{F9FF4A13-F344-4422-8908-99292FAE27EE} = {ADD6B02E-DEFB-4FD8-AAF7-CC974AE57420}
		{FA8149F8-BF54-4A46-9D0A-9980CEAD705B} = {ADD6B02E-DEFB-4FD8-AAF7-CC974AE57420}
		{D8F19F9A-C7FC-4D63-A4EF-6EACF8DCA26A} = {F7BA7592-1CAC-44B2-967A-E071FF438C75}
	EndGlobalSection
EndGlobal
